// !$*UTF8*$!
{
	archiveVersion = 1;
	classes = {
	};
	objectVersion = 46;
	objects = {

/* Begin PBXBuildFile section */
		B604662B1A38B4E0000B5464 /* LICENSE in Resources */ = {isa = PBXBuildFile; fileRef = B604661A1A38B4E0000B5464 /* LICENSE */; };
		B60466431A38B540000B5464 /* MZFormSheetBackgroundWindow.m in Sources */ = {isa = PBXBuildFile; fileRef = B60466351A38B540000B5464 /* MZFormSheetBackgroundWindow.m */; };
		B60466441A38B540000B5464 /* MZFormSheetBackgroundWindowViewController.m in Sources */ = {isa = PBXBuildFile; fileRef = B60466371A38B540000B5464 /* MZFormSheetBackgroundWindowViewController.m */; };
		B60466451A38B540000B5464 /* MZFormSheetController.m in Sources */ = {isa = PBXBuildFile; fileRef = B60466391A38B540000B5464 /* MZFormSheetController.m */; };
		B60466461A38B540000B5464 /* MZFormSheetSegue.m in Sources */ = {isa = PBXBuildFile; fileRef = B604663B1A38B540000B5464 /* MZFormSheetSegue.m */; };
		B60466471A38B540000B5464 /* MZTransition.m in Sources */ = {isa = PBXBuildFile; fileRef = B604663E1A38B540000B5464 /* MZTransition.m */; };
		B60466481A38B540000B5464 /* UIImage+Additional.m in Sources */ = {isa = PBXBuildFile; fileRef = B60466401A38B540000B5464 /* UIImage+Additional.m */; };
		B60466491A38B540000B5464 /* UIViewController+TargetViewController.m in Sources */ = {isa = PBXBuildFile; fileRef = B60466421A38B540000B5464 /* UIViewController+TargetViewController.m */; };
		B604664E1A38B559000B5464 /* MZAppearance.m in Sources */ = {isa = PBXBuildFile; fileRef = B604664B1A38B559000B5464 /* MZAppearance.m */; };
		B604664F1A38B559000B5464 /* NSInvocation+Copy.m in Sources */ = {isa = PBXBuildFile; fileRef = B604664D1A38B559000B5464 /* NSInvocation+Copy.m */; };
		B60466511A38EDB9000B5464 /* female.png in Resources */ = {isa = PBXBuildFile; fileRef = B60466501A38EDB9000B5464 /* female.png */; };
		B60466531A38EE43000B5464 /* male.png in Resources */ = {isa = PBXBuildFile; fileRef = B60466521A38EE43000B5464 /* male.png */; };
		B60466561A38F2F4000B5464 /* EAFAudioPlayer.m in Sources */ = {isa = PBXBuildFile; fileRef = B60466551A38F2F4000B5464 /* EAFAudioPlayer.m */; };
		B60466581A3A119B000B5464 /* rightAndWrong_30h.png in Resources */ = {isa = PBXBuildFile; fileRef = B60466571A3A119B000B5464 /* rightAndWrong_30h.png */; };
		B604665A1A3A1203000B5464 /* rightAndWrong_26h.png in Resources */ = {isa = PBXBuildFile; fileRef = B60466591A3A1203000B5464 /* rightAndWrong_26h.png */; };
		B6104B011A44E0AE00D9B3DA /* checkmark@2x.png in Resources */ = {isa = PBXBuildFile; fileRef = B6104B001A44E0AE00D9B3DA /* checkmark@2x.png */; };
		B6104B031A44E0BA00D9B3DA /* redx@2x.png in Resources */ = {isa = PBXBuildFile; fileRef = B6104B021A44E0BA00D9B3DA /* redx@2x.png */; };
		B610C00A19D2240800CA9D8A /* EAFRecoFlashcardController.m in Sources */ = {isa = PBXBuildFile; fileRef = B610C00819D2240800CA9D8A /* EAFRecoFlashcardController.m */; };
		B61B82261A154C36009B00D1 /* EAFAudioView.m in Sources */ = {isa = PBXBuildFile; fileRef = B61B82251A154C36009B00D1 /* EAFAudioView.m */; };
		B61B82291A16C191009B00D1 /* rightAndWrong.png in Resources */ = {isa = PBXBuildFile; fileRef = B61B82281A16C191009B00D1 /* rightAndWrong.png */; };
		B61B822B1A16C921009B00D1 /* sounds.png in Resources */ = {isa = PBXBuildFile; fileRef = B61B822A1A16C921009B00D1 /* sounds.png */; };
		B61B822D1A16CF99009B00D1 /* dliIcon.png in Resources */ = {isa = PBXBuildFile; fileRef = B61B822C1A16CF99009B00D1 /* dliIcon.png */; };
		B61B82321A16D223009B00D1 /* EAFLoginViewController.m in Sources */ = {isa = PBXBuildFile; fileRef = B61B82311A16D223009B00D1 /* EAFLoginViewController.m */; };
		B61B946D1A1FA1210049462E /* EAFForgotUsernameViewController.m in Sources */ = {isa = PBXBuildFile; fileRef = B61B946C1A1FA1210049462E /* EAFForgotUsernameViewController.m */; };
		B61B946F1A1FF02F0049462E /* questionIcon.png in Resources */ = {isa = PBXBuildFile; fileRef = B61B946E1A1FF02F0049462E /* questionIcon.png */; };
		B61B94721A23AC1A0049462E /* EAFForgotPasswordViewController.m in Sources */ = {isa = PBXBuildFile; fileRef = B61B94711A23AC1A0049462E /* EAFForgotPasswordViewController.m */; };
		B61B94751A23BB770049462E /* EAFSetPasswordViewController.m in Sources */ = {isa = PBXBuildFile; fileRef = B61B94741A23BB770049462E /* EAFSetPasswordViewController.m */; };
		B6252AA41A1C50810083AE7A /* SplunkMint-iOS.framework in Frameworks */ = {isa = PBXBuildFile; fileRef = B6252AA31A1C50810083AE7A /* SplunkMint-iOS.framework */; };
		B6252AA61A1C50EA0083AE7A /* SystemConfiguration.framework in Frameworks */ = {isa = PBXBuildFile; fileRef = B6252AA51A1C50EA0083AE7A /* SystemConfiguration.framework */; };
		B6252AA81A1C50FF0083AE7A /* CoreTelephony.framework in Frameworks */ = {isa = PBXBuildFile; fileRef = B6252AA71A1C50FF0083AE7A /* CoreTelephony.framework */; };
		B6252AAB1A1EB53B0083AE7A /* EAFAudioCache.m in Sources */ = {isa = PBXBuildFile; fileRef = B6252AAA1A1EB53B0083AE7A /* EAFAudioCache.m */; };
		B62624671A0D592D00B1FE33 /* EAFPhoneScoreTableViewController.m in Sources */ = {isa = PBXBuildFile; fileRef = B62624661A0D592D00B1FE33 /* EAFPhoneScoreTableViewController.m */; };
		B636FFC51A09397200C3B62E /* EAFWordScoreTableViewController.m in Sources */ = {isa = PBXBuildFile; fileRef = B636FFC41A09397200C3B62E /* EAFWordScoreTableViewController.m */; };
		B636FFC71A09549E00C3B62E /* EAFScoreReportTabBarController.m in Sources */ = {isa = PBXBuildFile; fileRef = B636FFC61A09549E00C3B62E /* EAFScoreReportTabBarController.m */; };
		B636FFCB1A098D4100C3B62E /* FAImageView.m in Sources */ = {isa = PBXBuildFile; fileRef = B636FFCA1A098D4100C3B62E /* FAImageView.m */; };
		B636FFCE1A098D8500C3B62E /* UIFont+FontAwesome.m in Sources */ = {isa = PBXBuildFile; fileRef = B636FFCD1A098D8500C3B62E /* UIFont+FontAwesome.m */; };
		B636FFD11A098FC700C3B62E /* NSString+FontAwesome2.m in Sources */ = {isa = PBXBuildFile; fileRef = B636FFD01A098FC700C3B62E /* NSString+FontAwesome2.m */; };
		B636FFD41A098FD200C3B62E /* UIFont+FontAwesome2.m in Sources */ = {isa = PBXBuildFile; fileRef = B636FFD31A098FD200C3B62E /* UIFont+FontAwesome2.m */; };
		B636FFD71A0993A100C3B62E /* MyTableViewCell.m in Sources */ = {isa = PBXBuildFile; fileRef = B636FFD61A0993A100C3B62E /* MyTableViewCell.m */; };
		B642BAD01A0DD3A500D939F2 /* PhoneTableViewCell.m in Sources */ = {isa = PBXBuildFile; fileRef = B642BACF1A0DD3A500D939F2 /* PhoneTableViewCell.m */; };
		B649198B1A1A59BC0054CA13 /* mitllLogo2.png in Resources */ = {isa = PBXBuildFile; fileRef = B649198A1A1A59BC0054CA13 /* mitllLogo2.png */; };
		B649198E1A1A5CE00054CA13 /* EAFSignUpViewController.m in Sources */ = {isa = PBXBuildFile; fileRef = B649198D1A1A5CE00054CA13 /* EAFSignUpViewController.m */; };
		B6629E411A440192008EAC75 /* audioOff_smaller.png in Resources */ = {isa = PBXBuildFile; fileRef = B6629E3D1A440192008EAC75 /* audioOff_smaller.png */; };
		B6629E421A440192008EAC75 /* audioOff.png in Resources */ = {isa = PBXBuildFile; fileRef = B6629E3E1A440192008EAC75 /* audioOff.png */; };
		B6629E431A440192008EAC75 /* audioOn_smaller.png in Resources */ = {isa = PBXBuildFile; fileRef = B6629E3F1A440192008EAC75 /* audioOn_smaller.png */; };
		B6629E441A440192008EAC75 /* audioOn.png in Resources */ = {isa = PBXBuildFile; fileRef = B6629E401A440192008EAC75 /* audioOn.png */; };
		B66461F2196F193900943BC2 /* AVFoundation.framework in Frameworks */ = {isa = PBXBuildFile; fileRef = B66461F1196F193900943BC2 /* AVFoundation.framework */; };
		B66BACAF197055F500E28ECC /* EAFChapterTableViewController.m in Sources */ = {isa = PBXBuildFile; fileRef = B66BACAE197055F500E28ECC /* EAFChapterTableViewController.m */; };
		B66BACB8197094C000E28ECC /* EAFItemTableViewController.m in Sources */ = {isa = PBXBuildFile; fileRef = B66BACB7197094C000E28ECC /* EAFItemTableViewController.m */; };
		B66BACBE1970A2FE00E28ECC /* NewProF1.png in Resources */ = {isa = PBXBuildFile; fileRef = B66BACBD1970A2FE00E28ECC /* NewProF1.png */; };
		B66BACC11970A5CD00E28ECC /* play.png in Resources */ = {isa = PBXBuildFile; fileRef = B66BACC01970A5CD00E28ECC /* play.png */; };
		B66BACC31970A5DC00E28ECC /* pause.png in Resources */ = {isa = PBXBuildFile; fileRef = B66BACC21970A5DC00E28ECC /* pause.png */; };
		B67666A519F0798800ECA678 /* micBiggerCircleTransparent.png in Resources */ = {isa = PBXBuildFile; fileRef = B67666A419F0798800ECA678 /* micBiggerCircleTransparent.png */; };
		B67E1BB6197EC25D00F42143 /* libz.dylib in Frameworks */ = {isa = PBXBuildFile; fileRef = B67E1BB5197EC25D00F42143 /* libz.dylib */; };
		B67E1BC4197EFC0500F42143 /* ioapi.c in Sources */ = {isa = PBXBuildFile; fileRef = B67E1BBA197EFC0500F42143 /* ioapi.c */; };
		B67E1BC5197EFC0500F42143 /* mztools.c in Sources */ = {isa = PBXBuildFile; fileRef = B67E1BBC197EFC0500F42143 /* mztools.c */; };
		B67E1BC6197EFC0500F42143 /* unzip.c in Sources */ = {isa = PBXBuildFile; fileRef = B67E1BBE197EFC0500F42143 /* unzip.c */; };
		B67E1BC7197EFC0500F42143 /* zip.c in Sources */ = {isa = PBXBuildFile; fileRef = B67E1BC0197EFC0500F42143 /* zip.c */; };
		B67E1BC8197EFC0500F42143 /* SSZipArchive.m in Sources */ = {isa = PBXBuildFile; fileRef = B67E1BC3197EFC0500F42143 /* SSZipArchive.m */; };
		B68A5C321979AE7E0036B90C /* playBigger2.png in Resources */ = {isa = PBXBuildFile; fileRef = B68A5C311979AE7E0036B90C /* playBigger2.png */; };
		B68A5C341979B3480036B90C /* mic-icon.png in Resources */ = {isa = PBXBuildFile; fileRef = B68A5C331979B3480036B90C /* mic-icon.png */; };
		B68A5C361979B4590036B90C /* mic-4.svg in Resources */ = {isa = PBXBuildFile; fileRef = B68A5C351979B4590036B90C /* mic-4.svg */; };
		B68A5C381979B4AE0036B90C /* micBigger.png in Resources */ = {isa = PBXBuildFile; fileRef = B68A5C371979B4AE0036B90C /* micBigger.png */; };
		B68A5C481979C8B70036B90C /* MSAnnotatedGauge.m in Sources */ = {isa = PBXBuildFile; fileRef = B68A5C3B1979C8B70036B90C /* MSAnnotatedGauge.m */; };
		B68A5C491979C8B70036B90C /* MSArcLayer.m in Sources */ = {isa = PBXBuildFile; fileRef = B68A5C3D1979C8B70036B90C /* MSArcLayer.m */; };
		B68A5C4A1979C8B70036B90C /* MSGradientArcLayer.m in Sources */ = {isa = PBXBuildFile; fileRef = B68A5C401979C8B70036B90C /* MSGradientArcLayer.m */; };
		B68A5C4B1979C8B70036B90C /* MSNeedleView.m in Sources */ = {isa = PBXBuildFile; fileRef = B68A5C421979C8B70036B90C /* MSNeedleView.m */; };
		B68A5C4C1979C8B70036B90C /* MSRangeGauge.m in Sources */ = {isa = PBXBuildFile; fileRef = B68A5C441979C8B70036B90C /* MSRangeGauge.m */; };
		B68A5C4D1979C8B70036B90C /* MSSimpleGauge.m in Sources */ = {isa = PBXBuildFile; fileRef = B68A5C461979C8B70036B90C /* MSSimpleGauge.m */; };
		B695FDDE1A3A521B0064DC83 /* Settings.bundle in Resources */ = {isa = PBXBuildFile; fileRef = B695FDDD1A3A521B0064DC83 /* Settings.bundle */; };
		B695FDE01A3B697C0064DC83 /* volumeUp_26.png in Resources */ = {isa = PBXBuildFile; fileRef = B695FDDF1A3B697C0064DC83 /* volumeUp_26.png */; };
		B695FDE21A433CA80064DC83 /* NewProF2_48x48.png in Resources */ = {isa = PBXBuildFile; fileRef = B695FDE11A433CA80064DC83 /* NewProF2_48x48.png */; };
		B695FDE41A4366810064DC83 /* sounds@2x.png in Resources */ = {isa = PBXBuildFile; fileRef = B695FDE31A4366810064DC83 /* sounds@2x.png */; };
		B695FDE71A43F4D40064DC83 /* female_better.png in Resources */ = {isa = PBXBuildFile; fileRef = B695FDE51A43F4D40064DC83 /* female_better.png */; };
		B695FDE81A43F4D40064DC83 /* male_better.png in Resources */ = {isa = PBXBuildFile; fileRef = B695FDE61A43F4D40064DC83 /* male_better.png */; };
		B695FDEB1A43F7010064DC83 /* female_better_h32.png in Resources */ = {isa = PBXBuildFile; fileRef = B695FDE91A43F7010064DC83 /* female_better_h32.png */; };
		B695FDEC1A43F7010064DC83 /* male_better_smaller.png in Resources */ = {isa = PBXBuildFile; fileRef = B695FDEA1A43F7010064DC83 /* male_better_smaller.png */; };
		B696890319993B910094A297 /* micBiggerCircle.png in Resources */ = {isa = PBXBuildFile; fileRef = B696890219993B910094A297 /* micBiggerCircle.png */; };
		B69821301A019A7200BB9865 /* SSKeychain.m in Sources */ = {isa = PBXBuildFile; fileRef = B698212F1A019A7200BB9865 /* SSKeychain.m */; };
		B69821321A02978500BB9865 /* FontAwesome.ttf in Resources */ = {isa = PBXBuildFile; fileRef = B69821311A02978500BB9865 /* FontAwesome.ttf */; };
		B698213E1A029C9A00BB9865 /* BButton.m in Sources */ = {isa = PBXBuildFile; fileRef = B698213D1A029C9A00BB9865 /* BButton.m */; };
		B69821411A029CA500BB9865 /* UIColor+BButton.m in Sources */ = {isa = PBXBuildFile; fileRef = B69821401A029CA500BB9865 /* UIColor+BButton.m */; };
		B69821441A029F6400BB9865 /* NSString+FontAwesome.m in Sources */ = {isa = PBXBuildFile; fileRef = B69821431A029F6400BB9865 /* NSString+FontAwesome.m */; };
		B6A8D96B1976F27100E8F1D5 /* media-record-4_32x32.png in Resources */ = {isa = PBXBuildFile; fileRef = B6A8D96A1976F27100E8F1D5 /* media-record-4_32x32.png */; };
		B6A8D96D1976F27C00E8F1D5 /* media-record-3_32x32.png in Resources */ = {isa = PBXBuildFile; fileRef = B6A8D96C1976F27C00E8F1D5 /* media-record-3_32x32.png */; };
		B6A8D97719770C2100E8F1D5 /* Icon-40.png in Resources */ = {isa = PBXBuildFile; fileRef = B6A8D96F19770C2100E8F1D5 /* Icon-40.png */; };
		B6A8D97819770C2100E8F1D5 /* Icon-40@2x.png in Resources */ = {isa = PBXBuildFile; fileRef = B6A8D97019770C2100E8F1D5 /* Icon-40@2x.png */; };
		B6A8D97919770C2100E8F1D5 /* Icon-60.png in Resources */ = {isa = PBXBuildFile; fileRef = B6A8D97119770C2100E8F1D5 /* Icon-60.png */; };
		B6A8D97A19770C2100E8F1D5 /* Icon-60@2x.png in Resources */ = {isa = PBXBuildFile; fileRef = B6A8D97219770C2100E8F1D5 /* Icon-60@2x.png */; };
		B6A8D97B19770C2100E8F1D5 /* Icon-76.png in Resources */ = {isa = PBXBuildFile; fileRef = B6A8D97319770C2100E8F1D5 /* Icon-76.png */; };
		B6A8D97C19770C2100E8F1D5 /* Icon-76@2x.png in Resources */ = {isa = PBXBuildFile; fileRef = B6A8D97419770C2100E8F1D5 /* Icon-76@2x.png */; };
		B6A8D97D19770C2100E8F1D5 /* Icon-Small.png in Resources */ = {isa = PBXBuildFile; fileRef = B6A8D97519770C2100E8F1D5 /* Icon-Small.png */; };
		B6A8D97E19770C2100E8F1D5 /* Icon-Small@2x.png in Resources */ = {isa = PBXBuildFile; fileRef = B6A8D97619770C2100E8F1D5 /* Icon-Small@2x.png */; };
		B6AB39BB19FACF4300B250C1 /* checkmark32.png in Resources */ = {isa = PBXBuildFile; fileRef = B6AB39BA19FACF4300B250C1 /* checkmark32.png */; };
		B6AB39BD19FACF4D00B250C1 /* redx32.png in Resources */ = {isa = PBXBuildFile; fileRef = B6AB39BC19FACF4D00B250C1 /* redx32.png */; };
		B6D001761970ACD3009554D5 /* record.png in Resources */ = {isa = PBXBuildFile; fileRef = B6D001751970ACD3009554D5 /* record.png */; };
		B6D001781970AD28009554D5 /* record24.png in Resources */ = {isa = PBXBuildFile; fileRef = B6D001771970AD28009554D5 /* record24.png */; };
		B6D0017A1970ADAC009554D5 /* squareStop.png in Resources */ = {isa = PBXBuildFile; fileRef = B6D001791970ADAC009554D5 /* squareStop.png */; };
		B6D0017D1970B091009554D5 /* EAFExercise.m in Sources */ = {isa = PBXBuildFile; fileRef = B6D0017C1970B091009554D5 /* EAFExercise.m */; };
		B6D9AF8E1A37C15200911A36 /* EAFContextPopupViewController.m in Sources */ = {isa = PBXBuildFile; fileRef = B6D9AF8D1A37C15200911A36 /* EAFContextPopupViewController.m */; };
		B6DF209B1A25171400CA31B1 /* checkAndEar.png in Resources */ = {isa = PBXBuildFile; fileRef = B6DF209A1A25171400CA31B1 /* checkAndEar.png */; };
		B6DF209D1A2518FB00CA31B1 /* checkAndEar@2x.png in Resources */ = {isa = PBXBuildFile; fileRef = B6DF209C1A2518FB00CA31B1 /* checkAndEar@2x.png */; };
		B6DF209F1A25190400CA31B1 /* questionIcon@2x.png in Resources */ = {isa = PBXBuildFile; fileRef = B6DF209E1A25190400CA31B1 /* questionIcon@2x.png */; };
		B6DF20A11A251C8700CA31B1 /* micBiggerCircleTransparent@2x.png in Resources */ = {isa = PBXBuildFile; fileRef = B6DF20A01A251C8700CA31B1 /* micBiggerCircleTransparent@2x.png */; };
		B6DF20A41A2679FC00CA31B1 /* EAFEventPoster.m in Sources */ = {isa = PBXBuildFile; fileRef = B6DF20A31A2679FC00CA31B1 /* EAFEventPoster.m */; };
		F6A5681E18ECA98A00B844C6 /* Foundation.framework in Frameworks */ = {isa = PBXBuildFile; fileRef = F6A5681D18ECA98A00B844C6 /* Foundation.framework */; };
		F6A5682018ECA98A00B844C6 /* CoreGraphics.framework in Frameworks */ = {isa = PBXBuildFile; fileRef = F6A5681F18ECA98A00B844C6 /* CoreGraphics.framework */; };
		F6A5682218ECA98A00B844C6 /* UIKit.framework in Frameworks */ = {isa = PBXBuildFile; fileRef = F6A5682118ECA98A00B844C6 /* UIKit.framework */; };
		F6A5682818ECA98A00B844C6 /* InfoPlist.strings in Resources */ = {isa = PBXBuildFile; fileRef = F6A5682618ECA98A00B844C6 /* InfoPlist.strings */; };
		F6A5682A18ECA98A00B844C6 /* main.m in Sources */ = {isa = PBXBuildFile; fileRef = F6A5682918ECA98A00B844C6 /* main.m */; };
		F6A5682E18ECA98A00B844C6 /* EAFAppDelegate.m in Sources */ = {isa = PBXBuildFile; fileRef = F6A5682D18ECA98A00B844C6 /* EAFAppDelegate.m */; };
		F6A5683118ECA98B00B844C6 /* Main.storyboard in Resources */ = {isa = PBXBuildFile; fileRef = F6A5682F18ECA98A00B844C6 /* Main.storyboard */; };
		F6A5683618ECA98B00B844C6 /* Images.xcassets in Resources */ = {isa = PBXBuildFile; fileRef = F6A5683518ECA98B00B844C6 /* Images.xcassets */; };
		F6A5683D18ECA98B00B844C6 /* XCTest.framework in Frameworks */ = {isa = PBXBuildFile; fileRef = F6A5683C18ECA98B00B844C6 /* XCTest.framework */; };
		F6A5683E18ECA98B00B844C6 /* Foundation.framework in Frameworks */ = {isa = PBXBuildFile; fileRef = F6A5681D18ECA98A00B844C6 /* Foundation.framework */; };
		F6A5683F18ECA98B00B844C6 /* UIKit.framework in Frameworks */ = {isa = PBXBuildFile; fileRef = F6A5682118ECA98A00B844C6 /* UIKit.framework */; };
		F6A5684718ECA98B00B844C6 /* InfoPlist.strings in Resources */ = {isa = PBXBuildFile; fileRef = F6A5684518ECA98B00B844C6 /* InfoPlist.strings */; };
		F6A5684918ECA98B00B844C6 /* RecordTests.m in Sources */ = {isa = PBXBuildFile; fileRef = F6A5684818ECA98B00B844C6 /* RecordTests.m */; };
/* End PBXBuildFile section */

/* Begin PBXContainerItemProxy section */
		F6A5684018ECA98B00B844C6 /* PBXContainerItemProxy */ = {
			isa = PBXContainerItemProxy;
			containerPortal = F6A5681218ECA98A00B844C6 /* Project object */;
			proxyType = 1;
			remoteGlobalIDString = F6A5681918ECA98A00B844C6;
			remoteInfo = Record;
		};
/* End PBXContainerItemProxy section */

/* Begin PBXFileReference section */
		B604661A1A38B4E0000B5464 /* LICENSE */ = {isa = PBXFileReference; fileEncoding = 4; lastKnownFileType = text; name = LICENSE; path = "../../../MZFormSheetController-master/LICENSE"; sourceTree = "<group>"; };
		B60466341A38B540000B5464 /* MZFormSheetBackgroundWindow.h */ = {isa = PBXFileReference; fileEncoding = 4; lastKnownFileType = sourcecode.c.h; path = MZFormSheetBackgroundWindow.h; sourceTree = "<group>"; };
		B60466351A38B540000B5464 /* MZFormSheetBackgroundWindow.m */ = {isa = PBXFileReference; fileEncoding = 4; lastKnownFileType = sourcecode.c.objc; path = MZFormSheetBackgroundWindow.m; sourceTree = "<group>"; };
		B60466361A38B540000B5464 /* MZFormSheetBackgroundWindowViewController.h */ = {isa = PBXFileReference; fileEncoding = 4; lastKnownFileType = sourcecode.c.h; path = MZFormSheetBackgroundWindowViewController.h; sourceTree = "<group>"; };
		B60466371A38B540000B5464 /* MZFormSheetBackgroundWindowViewController.m */ = {isa = PBXFileReference; fileEncoding = 4; lastKnownFileType = sourcecode.c.objc; path = MZFormSheetBackgroundWindowViewController.m; sourceTree = "<group>"; };
		B60466381A38B540000B5464 /* MZFormSheetController.h */ = {isa = PBXFileReference; fileEncoding = 4; lastKnownFileType = sourcecode.c.h; path = MZFormSheetController.h; sourceTree = "<group>"; };
		B60466391A38B540000B5464 /* MZFormSheetController.m */ = {isa = PBXFileReference; fileEncoding = 4; lastKnownFileType = sourcecode.c.objc; path = MZFormSheetController.m; sourceTree = "<group>"; };
		B604663A1A38B540000B5464 /* MZFormSheetSegue.h */ = {isa = PBXFileReference; fileEncoding = 4; lastKnownFileType = sourcecode.c.h; path = MZFormSheetSegue.h; sourceTree = "<group>"; };
		B604663B1A38B540000B5464 /* MZFormSheetSegue.m */ = {isa = PBXFileReference; fileEncoding = 4; lastKnownFileType = sourcecode.c.objc; path = MZFormSheetSegue.m; sourceTree = "<group>"; };
		B604663C1A38B540000B5464 /* MZMacro.h */ = {isa = PBXFileReference; fileEncoding = 4; lastKnownFileType = sourcecode.c.h; path = MZMacro.h; sourceTree = "<group>"; };
		B604663D1A38B540000B5464 /* MZTransition.h */ = {isa = PBXFileReference; fileEncoding = 4; lastKnownFileType = sourcecode.c.h; path = MZTransition.h; sourceTree = "<group>"; };
		B604663E1A38B540000B5464 /* MZTransition.m */ = {isa = PBXFileReference; fileEncoding = 4; lastKnownFileType = sourcecode.c.objc; path = MZTransition.m; sourceTree = "<group>"; };
		B604663F1A38B540000B5464 /* UIImage+Additional.h */ = {isa = PBXFileReference; fileEncoding = 4; lastKnownFileType = sourcecode.c.h; path = "UIImage+Additional.h"; sourceTree = "<group>"; };
		B60466401A38B540000B5464 /* UIImage+Additional.m */ = {isa = PBXFileReference; fileEncoding = 4; lastKnownFileType = sourcecode.c.objc; path = "UIImage+Additional.m"; sourceTree = "<group>"; };
		B60466411A38B540000B5464 /* UIViewController+TargetViewController.h */ = {isa = PBXFileReference; fileEncoding = 4; lastKnownFileType = sourcecode.c.h; path = "UIViewController+TargetViewController.h"; sourceTree = "<group>"; };
		B60466421A38B540000B5464 /* UIViewController+TargetViewController.m */ = {isa = PBXFileReference; fileEncoding = 4; lastKnownFileType = sourcecode.c.objc; path = "UIViewController+TargetViewController.m"; sourceTree = "<group>"; };
		B604664A1A38B559000B5464 /* MZAppearance.h */ = {isa = PBXFileReference; fileEncoding = 4; lastKnownFileType = sourcecode.c.h; path = MZAppearance.h; sourceTree = "<group>"; };
		B604664B1A38B559000B5464 /* MZAppearance.m */ = {isa = PBXFileReference; fileEncoding = 4; lastKnownFileType = sourcecode.c.objc; path = MZAppearance.m; sourceTree = "<group>"; };
		B604664C1A38B559000B5464 /* NSInvocation+Copy.h */ = {isa = PBXFileReference; fileEncoding = 4; lastKnownFileType = sourcecode.c.h; path = "NSInvocation+Copy.h"; sourceTree = "<group>"; };
		B604664D1A38B559000B5464 /* NSInvocation+Copy.m */ = {isa = PBXFileReference; fileEncoding = 4; lastKnownFileType = sourcecode.c.objc; path = "NSInvocation+Copy.m"; sourceTree = "<group>"; };
		B60466501A38EDB9000B5464 /* female.png */ = {isa = PBXFileReference; lastKnownFileType = image.png; path = female.png; sourceTree = "<group>"; };
		B60466521A38EE43000B5464 /* male.png */ = {isa = PBXFileReference; lastKnownFileType = image.png; path = male.png; sourceTree = "<group>"; };
		B60466541A38F2F4000B5464 /* EAFAudioPlayer.h */ = {isa = PBXFileReference; fileEncoding = 4; lastKnownFileType = sourcecode.c.h; path = EAFAudioPlayer.h; sourceTree = "<group>"; };
		B60466551A38F2F4000B5464 /* EAFAudioPlayer.m */ = {isa = PBXFileReference; fileEncoding = 4; lastKnownFileType = sourcecode.c.objc; path = EAFAudioPlayer.m; sourceTree = "<group>"; };
		B60466571A3A119B000B5464 /* rightAndWrong_30h.png */ = {isa = PBXFileReference; lastKnownFileType = image.png; path = rightAndWrong_30h.png; sourceTree = "<group>"; };
		B60466591A3A1203000B5464 /* rightAndWrong_26h.png */ = {isa = PBXFileReference; lastKnownFileType = image.png; path = rightAndWrong_26h.png; sourceTree = "<group>"; };
		B6104B001A44E0AE00D9B3DA /* checkmark@2x.png */ = {isa = PBXFileReference; lastKnownFileType = image.png; path = "checkmark@2x.png"; sourceTree = "<group>"; };
		B6104B021A44E0BA00D9B3DA /* redx@2x.png */ = {isa = PBXFileReference; lastKnownFileType = image.png; path = "redx@2x.png"; sourceTree = "<group>"; };
		B610C00819D2240800CA9D8A /* EAFRecoFlashcardController.m */ = {isa = PBXFileReference; fileEncoding = 4; lastKnownFileType = sourcecode.c.objc; path = EAFRecoFlashcardController.m; sourceTree = "<group>"; };
		B610C00919D2240800CA9D8A /* EAFRecoFlashcardController.h */ = {isa = PBXFileReference; fileEncoding = 4; lastKnownFileType = sourcecode.c.h; path = EAFRecoFlashcardController.h; sourceTree = "<group>"; };
		B61B82251A154C36009B00D1 /* EAFAudioView.m */ = {isa = PBXFileReference; fileEncoding = 4; lastKnownFileType = sourcecode.c.objc; path = EAFAudioView.m; sourceTree = "<group>"; };
		B61B82271A154C59009B00D1 /* EAFAudioView.h */ = {isa = PBXFileReference; lastKnownFileType = sourcecode.c.h; path = EAFAudioView.h; sourceTree = "<group>"; };
		B61B82281A16C191009B00D1 /* rightAndWrong.png */ = {isa = PBXFileReference; lastKnownFileType = image.png; path = rightAndWrong.png; sourceTree = "<group>"; };
		B61B822A1A16C921009B00D1 /* sounds.png */ = {isa = PBXFileReference; lastKnownFileType = image.png; path = sounds.png; sourceTree = "<group>"; };
		B61B822C1A16CF99009B00D1 /* dliIcon.png */ = {isa = PBXFileReference; lastKnownFileType = image.png; path = dliIcon.png; sourceTree = "<group>"; };
		B61B82301A16D223009B00D1 /* EAFLoginViewController.h */ = {isa = PBXFileReference; fileEncoding = 4; lastKnownFileType = sourcecode.c.h; path = EAFLoginViewController.h; sourceTree = "<group>"; };
		B61B82311A16D223009B00D1 /* EAFLoginViewController.m */ = {isa = PBXFileReference; fileEncoding = 4; lastKnownFileType = sourcecode.c.objc; path = EAFLoginViewController.m; sourceTree = "<group>"; };
		B61B946B1A1FA1210049462E /* EAFForgotUsernameViewController.h */ = {isa = PBXFileReference; fileEncoding = 4; lastKnownFileType = sourcecode.c.h; path = EAFForgotUsernameViewController.h; sourceTree = "<group>"; };
		B61B946C1A1FA1210049462E /* EAFForgotUsernameViewController.m */ = {isa = PBXFileReference; fileEncoding = 4; lastKnownFileType = sourcecode.c.objc; path = EAFForgotUsernameViewController.m; sourceTree = "<group>"; };
		B61B946E1A1FF02F0049462E /* questionIcon.png */ = {isa = PBXFileReference; lastKnownFileType = image.png; path = questionIcon.png; sourceTree = "<group>"; };
		B61B94701A23AC1A0049462E /* EAFForgotPasswordViewController.h */ = {isa = PBXFileReference; fileEncoding = 4; lastKnownFileType = sourcecode.c.h; path = EAFForgotPasswordViewController.h; sourceTree = "<group>"; };
		B61B94711A23AC1A0049462E /* EAFForgotPasswordViewController.m */ = {isa = PBXFileReference; fileEncoding = 4; lastKnownFileType = sourcecode.c.objc; path = EAFForgotPasswordViewController.m; sourceTree = "<group>"; };
		B61B94731A23BB770049462E /* EAFSetPasswordViewController.h */ = {isa = PBXFileReference; fileEncoding = 4; lastKnownFileType = sourcecode.c.h; path = EAFSetPasswordViewController.h; sourceTree = "<group>"; };
		B61B94741A23BB770049462E /* EAFSetPasswordViewController.m */ = {isa = PBXFileReference; fileEncoding = 4; lastKnownFileType = sourcecode.c.objc; path = EAFSetPasswordViewController.m; sourceTree = "<group>"; };
		B6252AA31A1C50810083AE7A /* SplunkMint-iOS.framework */ = {isa = PBXFileReference; lastKnownFileType = wrapper.framework; name = "SplunkMint-iOS.framework"; path = "../../../SplunkMint-iOS.framework"; sourceTree = "<group>"; };
		B6252AA51A1C50EA0083AE7A /* SystemConfiguration.framework */ = {isa = PBXFileReference; lastKnownFileType = wrapper.framework; name = SystemConfiguration.framework; path = System/Library/Frameworks/SystemConfiguration.framework; sourceTree = SDKROOT; };
		B6252AA71A1C50FF0083AE7A /* CoreTelephony.framework */ = {isa = PBXFileReference; lastKnownFileType = wrapper.framework; name = CoreTelephony.framework; path = System/Library/Frameworks/CoreTelephony.framework; sourceTree = SDKROOT; };
		B6252AA91A1EB53B0083AE7A /* EAFAudioCache.h */ = {isa = PBXFileReference; fileEncoding = 4; lastKnownFileType = sourcecode.c.h; path = EAFAudioCache.h; sourceTree = "<group>"; };
		B6252AAA1A1EB53B0083AE7A /* EAFAudioCache.m */ = {isa = PBXFileReference; fileEncoding = 4; lastKnownFileType = sourcecode.c.objc; path = EAFAudioCache.m; sourceTree = "<group>"; };
		B62624651A0D592D00B1FE33 /* EAFPhoneScoreTableViewController.h */ = {isa = PBXFileReference; fileEncoding = 4; lastKnownFileType = sourcecode.c.h; path = EAFPhoneScoreTableViewController.h; sourceTree = "<group>"; };
		B62624661A0D592D00B1FE33 /* EAFPhoneScoreTableViewController.m */ = {isa = PBXFileReference; fileEncoding = 4; lastKnownFileType = sourcecode.c.objc; path = EAFPhoneScoreTableViewController.m; sourceTree = "<group>"; };
		B636FFC31A09397200C3B62E /* EAFWordScoreTableViewController.h */ = {isa = PBXFileReference; fileEncoding = 4; lastKnownFileType = sourcecode.c.h; path = EAFWordScoreTableViewController.h; sourceTree = "<group>"; };
		B636FFC41A09397200C3B62E /* EAFWordScoreTableViewController.m */ = {isa = PBXFileReference; fileEncoding = 4; lastKnownFileType = sourcecode.c.objc; path = EAFWordScoreTableViewController.m; sourceTree = "<group>"; };
		B636FFC61A09549E00C3B62E /* EAFScoreReportTabBarController.m */ = {isa = PBXFileReference; fileEncoding = 4; lastKnownFileType = sourcecode.c.objc; path = EAFScoreReportTabBarController.m; sourceTree = "<group>"; };
		B636FFC81A0954C200C3B62E /* EAFScoreReportTabBarController.h */ = {isa = PBXFileReference; lastKnownFileType = sourcecode.c.h; path = EAFScoreReportTabBarController.h; sourceTree = "<group>"; };
		B636FFC91A098D4100C3B62E /* FAImageView.h */ = {isa = PBXFileReference; fileEncoding = 4; lastKnownFileType = sourcecode.c.h; path = FAImageView.h; sourceTree = "<group>"; };
		B636FFCA1A098D4100C3B62E /* FAImageView.m */ = {isa = PBXFileReference; fileEncoding = 4; lastKnownFileType = sourcecode.c.objc; path = FAImageView.m; sourceTree = "<group>"; };
		B636FFCC1A098D6500C3B62E /* UIFont+FontAwesome.h */ = {isa = PBXFileReference; fileEncoding = 4; lastKnownFileType = sourcecode.c.h; path = "UIFont+FontAwesome.h"; sourceTree = "<group>"; };
		B636FFCD1A098D8500C3B62E /* UIFont+FontAwesome.m */ = {isa = PBXFileReference; fileEncoding = 4; lastKnownFileType = sourcecode.c.objc; path = "UIFont+FontAwesome.m"; sourceTree = "<group>"; };
		B636FFCF1A098FC700C3B62E /* NSString+FontAwesome2.h */ = {isa = PBXFileReference; fileEncoding = 4; lastKnownFileType = sourcecode.c.h; path = "NSString+FontAwesome2.h"; sourceTree = "<group>"; };
		B636FFD01A098FC700C3B62E /* NSString+FontAwesome2.m */ = {isa = PBXFileReference; fileEncoding = 4; lastKnownFileType = sourcecode.c.objc; path = "NSString+FontAwesome2.m"; sourceTree = "<group>"; };
		B636FFD21A098FD200C3B62E /* UIFont+FontAwesome2.h */ = {isa = PBXFileReference; fileEncoding = 4; lastKnownFileType = sourcecode.c.h; path = "UIFont+FontAwesome2.h"; sourceTree = "<group>"; };
		B636FFD31A098FD200C3B62E /* UIFont+FontAwesome2.m */ = {isa = PBXFileReference; fileEncoding = 4; lastKnownFileType = sourcecode.c.objc; path = "UIFont+FontAwesome2.m"; sourceTree = "<group>"; };
		B636FFD51A0993A100C3B62E /* MyTableViewCell.h */ = {isa = PBXFileReference; fileEncoding = 4; lastKnownFileType = sourcecode.c.h; path = MyTableViewCell.h; sourceTree = "<group>"; };
		B636FFD61A0993A100C3B62E /* MyTableViewCell.m */ = {isa = PBXFileReference; fileEncoding = 4; lastKnownFileType = sourcecode.c.objc; path = MyTableViewCell.m; sourceTree = "<group>"; };
		B642BACE1A0DD39C00D939F2 /* PhoneTableViewCell.h */ = {isa = PBXFileReference; fileEncoding = 4; lastKnownFileType = sourcecode.c.h; path = PhoneTableViewCell.h; sourceTree = "<group>"; };
		B642BACF1A0DD3A500D939F2 /* PhoneTableViewCell.m */ = {isa = PBXFileReference; fileEncoding = 4; lastKnownFileType = sourcecode.c.objc; path = PhoneTableViewCell.m; sourceTree = "<group>"; };
		B649198A1A1A59BC0054CA13 /* mitllLogo2.png */ = {isa = PBXFileReference; lastKnownFileType = image.png; path = mitllLogo2.png; sourceTree = "<group>"; };
		B649198C1A1A5CE00054CA13 /* EAFSignUpViewController.h */ = {isa = PBXFileReference; fileEncoding = 4; lastKnownFileType = sourcecode.c.h; path = EAFSignUpViewController.h; sourceTree = "<group>"; };
		B649198D1A1A5CE00054CA13 /* EAFSignUpViewController.m */ = {isa = PBXFileReference; fileEncoding = 4; lastKnownFileType = sourcecode.c.objc; path = EAFSignUpViewController.m; sourceTree = "<group>"; };
		B6629E3D1A440192008EAC75 /* audioOff_smaller.png */ = {isa = PBXFileReference; lastKnownFileType = image.png; path = audioOff_smaller.png; sourceTree = "<group>"; };
		B6629E3E1A440192008EAC75 /* audioOff.png */ = {isa = PBXFileReference; lastKnownFileType = image.png; path = audioOff.png; sourceTree = "<group>"; };
		B6629E3F1A440192008EAC75 /* audioOn_smaller.png */ = {isa = PBXFileReference; lastKnownFileType = image.png; path = audioOn_smaller.png; sourceTree = "<group>"; };
		B6629E401A440192008EAC75 /* audioOn.png */ = {isa = PBXFileReference; lastKnownFileType = image.png; path = audioOn.png; sourceTree = "<group>"; };
		B66461F1196F193900943BC2 /* AVFoundation.framework */ = {isa = PBXFileReference; lastKnownFileType = wrapper.framework; name = AVFoundation.framework; path = System/Library/Frameworks/AVFoundation.framework; sourceTree = SDKROOT; };
		B66BACAD197055F500E28ECC /* EAFChapterTableViewController.h */ = {isa = PBXFileReference; fileEncoding = 4; lastKnownFileType = sourcecode.c.h; path = EAFChapterTableViewController.h; sourceTree = "<group>"; };
		B66BACAE197055F500E28ECC /* EAFChapterTableViewController.m */ = {isa = PBXFileReference; fileEncoding = 4; lastKnownFileType = sourcecode.c.objc; path = EAFChapterTableViewController.m; sourceTree = "<group>"; };
		B66BACB6197094C000E28ECC /* EAFItemTableViewController.h */ = {isa = PBXFileReference; fileEncoding = 4; lastKnownFileType = sourcecode.c.h; path = EAFItemTableViewController.h; sourceTree = "<group>"; };
		B66BACB7197094C000E28ECC /* EAFItemTableViewController.m */ = {isa = PBXFileReference; fileEncoding = 4; lastKnownFileType = sourcecode.c.objc; path = EAFItemTableViewController.m; sourceTree = "<group>"; };
		B66BACBD1970A2FE00E28ECC /* NewProF1.png */ = {isa = PBXFileReference; lastKnownFileType = image.png; path = NewProF1.png; sourceTree = "<group>"; };
		B66BACC01970A5CD00E28ECC /* play.png */ = {isa = PBXFileReference; lastKnownFileType = image.png; path = play.png; sourceTree = "<group>"; };
		B66BACC21970A5DC00E28ECC /* pause.png */ = {isa = PBXFileReference; lastKnownFileType = image.png; path = pause.png; sourceTree = "<group>"; };
		B67666A419F0798800ECA678 /* micBiggerCircleTransparent.png */ = {isa = PBXFileReference; lastKnownFileType = image.png; path = micBiggerCircleTransparent.png; sourceTree = "<group>"; };
		B67E1BB5197EC25D00F42143 /* libz.dylib */ = {isa = PBXFileReference; lastKnownFileType = "compiled.mach-o.dylib"; name = libz.dylib; path = usr/lib/libz.dylib; sourceTree = SDKROOT; };
		B67E1BB9197EFC0500F42143 /* crypt.h */ = {isa = PBXFileReference; fileEncoding = 4; lastKnownFileType = sourcecode.c.h; path = crypt.h; sourceTree = "<group>"; };
		B67E1BBA197EFC0500F42143 /* ioapi.c */ = {isa = PBXFileReference; fileEncoding = 4; lastKnownFileType = sourcecode.c.c; path = ioapi.c; sourceTree = "<group>"; };
		B67E1BBB197EFC0500F42143 /* ioapi.h */ = {isa = PBXFileReference; fileEncoding = 4; lastKnownFileType = sourcecode.c.h; path = ioapi.h; sourceTree = "<group>"; };
		B67E1BBC197EFC0500F42143 /* mztools.c */ = {isa = PBXFileReference; fileEncoding = 4; lastKnownFileType = sourcecode.c.c; path = mztools.c; sourceTree = "<group>"; };
		B67E1BBD197EFC0500F42143 /* mztools.h */ = {isa = PBXFileReference; fileEncoding = 4; lastKnownFileType = sourcecode.c.h; path = mztools.h; sourceTree = "<group>"; };
		B67E1BBE197EFC0500F42143 /* unzip.c */ = {isa = PBXFileReference; fileEncoding = 4; lastKnownFileType = sourcecode.c.c; path = unzip.c; sourceTree = "<group>"; };
		B67E1BBF197EFC0500F42143 /* unzip.h */ = {isa = PBXFileReference; fileEncoding = 4; lastKnownFileType = sourcecode.c.h; path = unzip.h; sourceTree = "<group>"; };
		B67E1BC0197EFC0500F42143 /* zip.c */ = {isa = PBXFileReference; fileEncoding = 4; lastKnownFileType = sourcecode.c.c; path = zip.c; sourceTree = "<group>"; };
		B67E1BC1197EFC0500F42143 /* zip.h */ = {isa = PBXFileReference; fileEncoding = 4; lastKnownFileType = sourcecode.c.h; path = zip.h; sourceTree = "<group>"; };
		B67E1BC2197EFC0500F42143 /* SSZipArchive.h */ = {isa = PBXFileReference; fileEncoding = 4; lastKnownFileType = sourcecode.c.h; path = SSZipArchive.h; sourceTree = "<group>"; };
		B67E1BC3197EFC0500F42143 /* SSZipArchive.m */ = {isa = PBXFileReference; fileEncoding = 4; lastKnownFileType = sourcecode.c.objc; path = SSZipArchive.m; sourceTree = "<group>"; };
		B68A5C311979AE7E0036B90C /* playBigger2.png */ = {isa = PBXFileReference; lastKnownFileType = image.png; path = playBigger2.png; sourceTree = "<group>"; };
		B68A5C331979B3480036B90C /* mic-icon.png */ = {isa = PBXFileReference; lastKnownFileType = image.png; path = "mic-icon.png"; sourceTree = "<group>"; };
		B68A5C351979B4590036B90C /* mic-4.svg */ = {isa = PBXFileReference; fileEncoding = 4; lastKnownFileType = text.xml; path = "mic-4.svg"; sourceTree = "<group>"; };
		B68A5C371979B4AE0036B90C /* micBigger.png */ = {isa = PBXFileReference; lastKnownFileType = image.png; path = micBigger.png; sourceTree = "<group>"; };
		B68A5C3A1979C8B70036B90C /* MSAnnotatedGauge.h */ = {isa = PBXFileReference; fileEncoding = 4; lastKnownFileType = sourcecode.c.h; path = MSAnnotatedGauge.h; sourceTree = "<group>"; };
		B68A5C3B1979C8B70036B90C /* MSAnnotatedGauge.m */ = {isa = PBXFileReference; fileEncoding = 4; lastKnownFileType = sourcecode.c.objc; path = MSAnnotatedGauge.m; sourceTree = "<group>"; };
		B68A5C3C1979C8B70036B90C /* MSArcLayer.h */ = {isa = PBXFileReference; fileEncoding = 4; lastKnownFileType = sourcecode.c.h; path = MSArcLayer.h; sourceTree = "<group>"; };
		B68A5C3D1979C8B70036B90C /* MSArcLayer.m */ = {isa = PBXFileReference; fileEncoding = 4; lastKnownFileType = sourcecode.c.objc; path = MSArcLayer.m; sourceTree = "<group>"; };
		B68A5C3E1979C8B70036B90C /* MSArcLayerSubclass.h */ = {isa = PBXFileReference; fileEncoding = 4; lastKnownFileType = sourcecode.c.h; path = MSArcLayerSubclass.h; sourceTree = "<group>"; };
		B68A5C3F1979C8B70036B90C /* MSGradientArcLayer.h */ = {isa = PBXFileReference; fileEncoding = 4; lastKnownFileType = sourcecode.c.h; path = MSGradientArcLayer.h; sourceTree = "<group>"; };
		B68A5C401979C8B70036B90C /* MSGradientArcLayer.m */ = {isa = PBXFileReference; fileEncoding = 4; lastKnownFileType = sourcecode.c.objc; path = MSGradientArcLayer.m; sourceTree = "<group>"; };
		B68A5C411979C8B70036B90C /* MSNeedleView.h */ = {isa = PBXFileReference; fileEncoding = 4; lastKnownFileType = sourcecode.c.h; path = MSNeedleView.h; sourceTree = "<group>"; };
		B68A5C421979C8B70036B90C /* MSNeedleView.m */ = {isa = PBXFileReference; fileEncoding = 4; lastKnownFileType = sourcecode.c.objc; path = MSNeedleView.m; sourceTree = "<group>"; };
		B68A5C431979C8B70036B90C /* MSRangeGauge.h */ = {isa = PBXFileReference; fileEncoding = 4; lastKnownFileType = sourcecode.c.h; path = MSRangeGauge.h; sourceTree = "<group>"; };
		B68A5C441979C8B70036B90C /* MSRangeGauge.m */ = {isa = PBXFileReference; fileEncoding = 4; lastKnownFileType = sourcecode.c.objc; path = MSRangeGauge.m; sourceTree = "<group>"; };
		B68A5C451979C8B70036B90C /* MSSimpleGauge.h */ = {isa = PBXFileReference; fileEncoding = 4; lastKnownFileType = sourcecode.c.h; path = MSSimpleGauge.h; sourceTree = "<group>"; };
		B68A5C461979C8B70036B90C /* MSSimpleGauge.m */ = {isa = PBXFileReference; fileEncoding = 4; lastKnownFileType = sourcecode.c.objc; path = MSSimpleGauge.m; sourceTree = "<group>"; };
		B68A5C471979C8B70036B90C /* MSSimpleGaugeSubclass.h */ = {isa = PBXFileReference; fileEncoding = 4; lastKnownFileType = sourcecode.c.h; path = MSSimpleGaugeSubclass.h; sourceTree = "<group>"; };
		B695FDDD1A3A521B0064DC83 /* Settings.bundle */ = {isa = PBXFileReference; lastKnownFileType = "wrapper.plug-in"; name = Settings.bundle; path = Resources/Settings.bundle; sourceTree = "<group>"; };
		B695FDDF1A3B697C0064DC83 /* volumeUp_26.png */ = {isa = PBXFileReference; lastKnownFileType = image.png; path = volumeUp_26.png; sourceTree = "<group>"; };
		B695FDE11A433CA80064DC83 /* NewProF2_48x48.png */ = {isa = PBXFileReference; lastKnownFileType = image.png; path = NewProF2_48x48.png; sourceTree = "<group>"; };
		B695FDE31A4366810064DC83 /* sounds@2x.png */ = {isa = PBXFileReference; lastKnownFileType = image.png; path = "sounds@2x.png"; sourceTree = "<group>"; };
		B695FDE51A43F4D40064DC83 /* female_better.png */ = {isa = PBXFileReference; lastKnownFileType = image.png; path = female_better.png; sourceTree = "<group>"; };
		B695FDE61A43F4D40064DC83 /* male_better.png */ = {isa = PBXFileReference; lastKnownFileType = image.png; path = male_better.png; sourceTree = "<group>"; };
		B695FDE91A43F7010064DC83 /* female_better_h32.png */ = {isa = PBXFileReference; lastKnownFileType = image.png; path = female_better_h32.png; sourceTree = "<group>"; };
		B695FDEA1A43F7010064DC83 /* male_better_smaller.png */ = {isa = PBXFileReference; lastKnownFileType = image.png; path = male_better_smaller.png; sourceTree = "<group>"; };
		B696890219993B910094A297 /* micBiggerCircle.png */ = {isa = PBXFileReference; lastKnownFileType = image.png; path = micBiggerCircle.png; sourceTree = "<group>"; };
		B698212E1A019A7200BB9865 /* SSKeychain.h */ = {isa = PBXFileReference; fileEncoding = 4; lastKnownFileType = sourcecode.c.h; path = SSKeychain.h; sourceTree = "<group>"; };
		B698212F1A019A7200BB9865 /* SSKeychain.m */ = {isa = PBXFileReference; fileEncoding = 4; lastKnownFileType = sourcecode.c.objc; path = SSKeychain.m; sourceTree = "<group>"; };
		B69821311A02978500BB9865 /* FontAwesome.ttf */ = {isa = PBXFileReference; lastKnownFileType = file; name = FontAwesome.ttf; path = Resources/FontAwesome.ttf; sourceTree = "<group>"; };
		B698213C1A029C9A00BB9865 /* BButton.h */ = {isa = PBXFileReference; fileEncoding = 4; lastKnownFileType = sourcecode.c.h; path = BButton.h; sourceTree = "<group>"; };
		B698213D1A029C9A00BB9865 /* BButton.m */ = {isa = PBXFileReference; fileEncoding = 4; lastKnownFileType = sourcecode.c.objc; path = BButton.m; sourceTree = "<group>"; };
		B698213F1A029CA500BB9865 /* UIColor+BButton.h */ = {isa = PBXFileReference; fileEncoding = 4; lastKnownFileType = sourcecode.c.h; path = "UIColor+BButton.h"; sourceTree = "<group>"; };
		B69821401A029CA500BB9865 /* UIColor+BButton.m */ = {isa = PBXFileReference; fileEncoding = 4; lastKnownFileType = sourcecode.c.objc; path = "UIColor+BButton.m"; sourceTree = "<group>"; };
		B69821421A029F6400BB9865 /* NSString+FontAwesome.h */ = {isa = PBXFileReference; fileEncoding = 4; lastKnownFileType = sourcecode.c.h; path = "NSString+FontAwesome.h"; sourceTree = "<group>"; };
		B69821431A029F6400BB9865 /* NSString+FontAwesome.m */ = {isa = PBXFileReference; fileEncoding = 4; lastKnownFileType = sourcecode.c.objc; path = "NSString+FontAwesome.m"; sourceTree = "<group>"; };
		B6A8D96A1976F27100E8F1D5 /* media-record-4_32x32.png */ = {isa = PBXFileReference; lastKnownFileType = image.png; path = "media-record-4_32x32.png"; sourceTree = "<group>"; };
		B6A8D96C1976F27C00E8F1D5 /* media-record-3_32x32.png */ = {isa = PBXFileReference; lastKnownFileType = image.png; path = "media-record-3_32x32.png"; sourceTree = "<group>"; };
		B6A8D96F19770C2100E8F1D5 /* Icon-40.png */ = {isa = PBXFileReference; lastKnownFileType = image.png; path = "Icon-40.png"; sourceTree = "<group>"; };
		B6A8D97019770C2100E8F1D5 /* Icon-40@2x.png */ = {isa = PBXFileReference; lastKnownFileType = image.png; path = "Icon-40@2x.png"; sourceTree = "<group>"; };
		B6A8D97119770C2100E8F1D5 /* Icon-60.png */ = {isa = PBXFileReference; lastKnownFileType = image.png; path = "Icon-60.png"; sourceTree = "<group>"; };
		B6A8D97219770C2100E8F1D5 /* Icon-60@2x.png */ = {isa = PBXFileReference; lastKnownFileType = image.png; path = "Icon-60@2x.png"; sourceTree = "<group>"; };
		B6A8D97319770C2100E8F1D5 /* Icon-76.png */ = {isa = PBXFileReference; lastKnownFileType = image.png; path = "Icon-76.png"; sourceTree = "<group>"; };
		B6A8D97419770C2100E8F1D5 /* Icon-76@2x.png */ = {isa = PBXFileReference; lastKnownFileType = image.png; path = "Icon-76@2x.png"; sourceTree = "<group>"; };
		B6A8D97519770C2100E8F1D5 /* Icon-Small.png */ = {isa = PBXFileReference; lastKnownFileType = image.png; path = "Icon-Small.png"; sourceTree = "<group>"; };
		B6A8D97619770C2100E8F1D5 /* Icon-Small@2x.png */ = {isa = PBXFileReference; lastKnownFileType = image.png; path = "Icon-Small@2x.png"; sourceTree = "<group>"; };
		B6AB39BA19FACF4300B250C1 /* checkmark32.png */ = {isa = PBXFileReference; lastKnownFileType = image.png; path = checkmark32.png; sourceTree = "<group>"; };
		B6AB39BC19FACF4D00B250C1 /* redx32.png */ = {isa = PBXFileReference; lastKnownFileType = image.png; path = redx32.png; sourceTree = "<group>"; };
		B6D001751970ACD3009554D5 /* record.png */ = {isa = PBXFileReference; lastKnownFileType = image.png; path = record.png; sourceTree = "<group>"; };
		B6D001771970AD28009554D5 /* record24.png */ = {isa = PBXFileReference; lastKnownFileType = image.png; path = record24.png; sourceTree = "<group>"; };
		B6D001791970ADAC009554D5 /* squareStop.png */ = {isa = PBXFileReference; lastKnownFileType = image.png; path = squareStop.png; sourceTree = "<group>"; };
		B6D0017B1970B091009554D5 /* EAFExercise.h */ = {isa = PBXFileReference; fileEncoding = 4; lastKnownFileType = sourcecode.c.h; path = EAFExercise.h; sourceTree = "<group>"; };
		B6D0017C1970B091009554D5 /* EAFExercise.m */ = {isa = PBXFileReference; fileEncoding = 4; lastKnownFileType = sourcecode.c.objc; path = EAFExercise.m; sourceTree = "<group>"; };
		B6D9AF8C1A37C15200911A36 /* EAFContextPopupViewController.h */ = {isa = PBXFileReference; fileEncoding = 4; lastKnownFileType = sourcecode.c.h; path = EAFContextPopupViewController.h; sourceTree = "<group>"; };
		B6D9AF8D1A37C15200911A36 /* EAFContextPopupViewController.m */ = {isa = PBXFileReference; fileEncoding = 4; lastKnownFileType = sourcecode.c.objc; path = EAFContextPopupViewController.m; sourceTree = "<group>"; };
		B6DF209A1A25171400CA31B1 /* checkAndEar.png */ = {isa = PBXFileReference; lastKnownFileType = image.png; path = checkAndEar.png; sourceTree = "<group>"; };
		B6DF209C1A2518FB00CA31B1 /* checkAndEar@2x.png */ = {isa = PBXFileReference; lastKnownFileType = image.png; path = "checkAndEar@2x.png"; sourceTree = "<group>"; };
		B6DF209E1A25190400CA31B1 /* questionIcon@2x.png */ = {isa = PBXFileReference; lastKnownFileType = image.png; path = "questionIcon@2x.png"; sourceTree = "<group>"; };
		B6DF20A01A251C8700CA31B1 /* micBiggerCircleTransparent@2x.png */ = {isa = PBXFileReference; lastKnownFileType = image.png; path = "micBiggerCircleTransparent@2x.png"; sourceTree = "<group>"; };
		B6DF20A21A2679FC00CA31B1 /* EAFEventPoster.h */ = {isa = PBXFileReference; fileEncoding = 4; lastKnownFileType = sourcecode.c.h; path = EAFEventPoster.h; sourceTree = "<group>"; };
		B6DF20A31A2679FC00CA31B1 /* EAFEventPoster.m */ = {isa = PBXFileReference; fileEncoding = 4; lastKnownFileType = sourcecode.c.objc; path = EAFEventPoster.m; sourceTree = "<group>"; };
		F6A5681A18ECA98A00B844C6 /* Record.app */ = {isa = PBXFileReference; explicitFileType = wrapper.application; includeInIndex = 0; path = Record.app; sourceTree = BUILT_PRODUCTS_DIR; };
		F6A5681D18ECA98A00B844C6 /* Foundation.framework */ = {isa = PBXFileReference; lastKnownFileType = wrapper.framework; name = Foundation.framework; path = System/Library/Frameworks/Foundation.framework; sourceTree = SDKROOT; };
		F6A5681F18ECA98A00B844C6 /* CoreGraphics.framework */ = {isa = PBXFileReference; lastKnownFileType = wrapper.framework; name = CoreGraphics.framework; path = System/Library/Frameworks/CoreGraphics.framework; sourceTree = SDKROOT; };
		F6A5682118ECA98A00B844C6 /* UIKit.framework */ = {isa = PBXFileReference; lastKnownFileType = wrapper.framework; name = UIKit.framework; path = System/Library/Frameworks/UIKit.framework; sourceTree = SDKROOT; };
		F6A5682518ECA98A00B844C6 /* Record-Info.plist */ = {isa = PBXFileReference; lastKnownFileType = text.plist.xml; path = "Record-Info.plist"; sourceTree = "<group>"; };
		F6A5682718ECA98A00B844C6 /* en */ = {isa = PBXFileReference; lastKnownFileType = text.plist.strings; name = en; path = en.lproj/InfoPlist.strings; sourceTree = "<group>"; };
		F6A5682918ECA98A00B844C6 /* main.m */ = {isa = PBXFileReference; lastKnownFileType = sourcecode.c.objc; path = main.m; sourceTree = "<group>"; };
		F6A5682B18ECA98A00B844C6 /* Record-Prefix.pch */ = {isa = PBXFileReference; lastKnownFileType = sourcecode.c.h; path = "Record-Prefix.pch"; sourceTree = "<group>"; };
		F6A5682C18ECA98A00B844C6 /* EAFAppDelegate.h */ = {isa = PBXFileReference; lastKnownFileType = sourcecode.c.h; path = EAFAppDelegate.h; sourceTree = "<group>"; };
		F6A5682D18ECA98A00B844C6 /* EAFAppDelegate.m */ = {isa = PBXFileReference; lastKnownFileType = sourcecode.c.objc; path = EAFAppDelegate.m; sourceTree = "<group>"; };
		F6A5683018ECA98B00B844C6 /* Base */ = {isa = PBXFileReference; lastKnownFileType = file.storyboard; name = Base; path = Base.lproj/Main.storyboard; sourceTree = "<group>"; };
		F6A5683518ECA98B00B844C6 /* Images.xcassets */ = {isa = PBXFileReference; lastKnownFileType = folder.assetcatalog; path = Images.xcassets; sourceTree = "<group>"; };
		F6A5683B18ECA98B00B844C6 /* RecordTests.xctest */ = {isa = PBXFileReference; explicitFileType = wrapper.cfbundle; includeInIndex = 0; path = RecordTests.xctest; sourceTree = BUILT_PRODUCTS_DIR; };
		F6A5683C18ECA98B00B844C6 /* XCTest.framework */ = {isa = PBXFileReference; lastKnownFileType = wrapper.framework; name = XCTest.framework; path = Library/Frameworks/XCTest.framework; sourceTree = DEVELOPER_DIR; };
		F6A5684418ECA98B00B844C6 /* RecordTests-Info.plist */ = {isa = PBXFileReference; lastKnownFileType = text.plist.xml; path = "RecordTests-Info.plist"; sourceTree = "<group>"; };
		F6A5684618ECA98B00B844C6 /* en */ = {isa = PBXFileReference; lastKnownFileType = text.plist.strings; name = en; path = en.lproj/InfoPlist.strings; sourceTree = "<group>"; };
		F6A5684818ECA98B00B844C6 /* RecordTests.m */ = {isa = PBXFileReference; lastKnownFileType = sourcecode.c.objc; path = RecordTests.m; sourceTree = "<group>"; };
/* End PBXFileReference section */

/* Begin PBXFrameworksBuildPhase section */
		F6A5681718ECA98A00B844C6 /* Frameworks */ = {
			isa = PBXFrameworksBuildPhase;
			buildActionMask = 2147483647;
			files = (
				B67E1BB6197EC25D00F42143 /* libz.dylib in Frameworks */,
				B6252AA81A1C50FF0083AE7A /* CoreTelephony.framework in Frameworks */,
				B6252AA61A1C50EA0083AE7A /* SystemConfiguration.framework in Frameworks */,
				B6252AA41A1C50810083AE7A /* SplunkMint-iOS.framework in Frameworks */,
				B66461F2196F193900943BC2 /* AVFoundation.framework in Frameworks */,
				F6A5682018ECA98A00B844C6 /* CoreGraphics.framework in Frameworks */,
				F6A5682218ECA98A00B844C6 /* UIKit.framework in Frameworks */,
				F6A5681E18ECA98A00B844C6 /* Foundation.framework in Frameworks */,
			);
			runOnlyForDeploymentPostprocessing = 0;
		};
		F6A5683818ECA98B00B844C6 /* Frameworks */ = {
			isa = PBXFrameworksBuildPhase;
			buildActionMask = 2147483647;
			files = (
				F6A5683D18ECA98B00B844C6 /* XCTest.framework in Frameworks */,
				F6A5683F18ECA98B00B844C6 /* UIKit.framework in Frameworks */,
				F6A5683E18ECA98B00B844C6 /* Foundation.framework in Frameworks */,
			);
			runOnlyForDeploymentPostprocessing = 0;
		};
/* End PBXFrameworksBuildPhase section */

/* Begin PBXGroup section */
		B60466331A38B540000B5464 /* MZFormSheetController */ = {
			isa = PBXGroup;
			children = (
				B604664A1A38B559000B5464 /* MZAppearance.h */,
				B604664B1A38B559000B5464 /* MZAppearance.m */,
				B604664C1A38B559000B5464 /* NSInvocation+Copy.h */,
				B604664D1A38B559000B5464 /* NSInvocation+Copy.m */,
				B60466341A38B540000B5464 /* MZFormSheetBackgroundWindow.h */,
				B60466351A38B540000B5464 /* MZFormSheetBackgroundWindow.m */,
				B60466361A38B540000B5464 /* MZFormSheetBackgroundWindowViewController.h */,
				B60466371A38B540000B5464 /* MZFormSheetBackgroundWindowViewController.m */,
				B60466381A38B540000B5464 /* MZFormSheetController.h */,
				B60466391A38B540000B5464 /* MZFormSheetController.m */,
				B604663A1A38B540000B5464 /* MZFormSheetSegue.h */,
				B604663B1A38B540000B5464 /* MZFormSheetSegue.m */,
				B604663C1A38B540000B5464 /* MZMacro.h */,
				B604663D1A38B540000B5464 /* MZTransition.h */,
				B604663E1A38B540000B5464 /* MZTransition.m */,
				B604663F1A38B540000B5464 /* UIImage+Additional.h */,
				B60466401A38B540000B5464 /* UIImage+Additional.m */,
				B60466411A38B540000B5464 /* UIViewController+TargetViewController.h */,
				B60466421A38B540000B5464 /* UIViewController+TargetViewController.m */,
			);
			path = MZFormSheetController;
			sourceTree = "<group>";
		};
		B66BACBC1970A29000E28ECC /* Resources */ = {
			isa = PBXGroup;
			children = (
				B69821311A02978500BB9865 /* FontAwesome.ttf */,
				B66BACBF1970A57B00E28ECC /* images */,
				B66BACBD1970A2FE00E28ECC /* NewProF1.png */,
			);
			name = Resources;
			sourceTree = "<group>";
		};
		B66BACBF1970A57B00E28ECC /* images */ = {
			isa = PBXGroup;
			children = (
				B6104B021A44E0BA00D9B3DA /* redx@2x.png */,
				B6104B001A44E0AE00D9B3DA /* checkmark@2x.png */,
				B6629E3D1A440192008EAC75 /* audioOff_smaller.png */,
				B6629E3E1A440192008EAC75 /* audioOff.png */,
				B6629E3F1A440192008EAC75 /* audioOn_smaller.png */,
				B6629E401A440192008EAC75 /* audioOn.png */,
				B695FDE91A43F7010064DC83 /* female_better_h32.png */,
				B695FDEA1A43F7010064DC83 /* male_better_smaller.png */,
				B695FDE51A43F4D40064DC83 /* female_better.png */,
				B695FDE61A43F4D40064DC83 /* male_better.png */,
				B695FDE31A4366810064DC83 /* sounds@2x.png */,
				B695FDE11A433CA80064DC83 /* NewProF2_48x48.png */,
				B695FDDF1A3B697C0064DC83 /* volumeUp_26.png */,
				B60466591A3A1203000B5464 /* rightAndWrong_26h.png */,
				B60466571A3A119B000B5464 /* rightAndWrong_30h.png */,
				B60466521A38EE43000B5464 /* male.png */,
				B60466501A38EDB9000B5464 /* female.png */,
				B6DF20A01A251C8700CA31B1 /* micBiggerCircleTransparent@2x.png */,
				B67666A419F0798800ECA678 /* micBiggerCircleTransparent.png */,
				B6DF209C1A2518FB00CA31B1 /* checkAndEar@2x.png */,
				B6DF209A1A25171400CA31B1 /* checkAndEar.png */,
				B61B946E1A1FF02F0049462E /* questionIcon.png */,
				B6DF209E1A25190400CA31B1 /* questionIcon@2x.png */,
				B649198A1A1A59BC0054CA13 /* mitllLogo2.png */,
				B61B822C1A16CF99009B00D1 /* dliIcon.png */,
				B61B822A1A16C921009B00D1 /* sounds.png */,
				B61B82281A16C191009B00D1 /* rightAndWrong.png */,
				B6AB39BC19FACF4D00B250C1 /* redx32.png */,
				B6AB39BA19FACF4300B250C1 /* checkmark32.png */,
				B696890219993B910094A297 /* micBiggerCircle.png */,
				B68A5C371979B4AE0036B90C /* micBigger.png */,
				B68A5C351979B4590036B90C /* mic-4.svg */,
				B68A5C331979B3480036B90C /* mic-icon.png */,
				B68A5C311979AE7E0036B90C /* playBigger2.png */,
				B6A8D96C1976F27C00E8F1D5 /* media-record-3_32x32.png */,
				B6A8D96A1976F27100E8F1D5 /* media-record-4_32x32.png */,
				B6D001791970ADAC009554D5 /* squareStop.png */,
				B6D001771970AD28009554D5 /* record24.png */,
				B6D001751970ACD3009554D5 /* record.png */,
				B66BACC21970A5DC00E28ECC /* pause.png */,
				B66BACC01970A5CD00E28ECC /* play.png */,
			);
			name = images;
			sourceTree = "<group>";
		};
		B67E1BB7197EFC0500F42143 /* SSZipArchive */ = {
			isa = PBXGroup;
			children = (
				B67E1BB8197EFC0500F42143 /* minizip */,
				B67E1BC2197EFC0500F42143 /* SSZipArchive.h */,
				B67E1BC3197EFC0500F42143 /* SSZipArchive.m */,
			);
			name = SSZipArchive;
			path = Record/SSZipArchive;
			sourceTree = "<group>";
		};
		B67E1BB8197EFC0500F42143 /* minizip */ = {
			isa = PBXGroup;
			children = (
				B67E1BB9197EFC0500F42143 /* crypt.h */,
				B67E1BBA197EFC0500F42143 /* ioapi.c */,
				B67E1BBB197EFC0500F42143 /* ioapi.h */,
				B67E1BBC197EFC0500F42143 /* mztools.c */,
				B67E1BBD197EFC0500F42143 /* mztools.h */,
				B67E1BBE197EFC0500F42143 /* unzip.c */,
				B67E1BBF197EFC0500F42143 /* unzip.h */,
				B67E1BC0197EFC0500F42143 /* zip.c */,
				B67E1BC1197EFC0500F42143 /* zip.h */,
			);
			path = minizip;
			sourceTree = "<group>";
		};
		B68A5C391979C8B70036B90C /* Gauges */ = {
			isa = PBXGroup;
			children = (
				B68A5C3A1979C8B70036B90C /* MSAnnotatedGauge.h */,
				B68A5C3B1979C8B70036B90C /* MSAnnotatedGauge.m */,
				B68A5C3C1979C8B70036B90C /* MSArcLayer.h */,
				B68A5C3D1979C8B70036B90C /* MSArcLayer.m */,
				B68A5C3E1979C8B70036B90C /* MSArcLayerSubclass.h */,
				B68A5C3F1979C8B70036B90C /* MSGradientArcLayer.h */,
				B68A5C401979C8B70036B90C /* MSGradientArcLayer.m */,
				B68A5C411979C8B70036B90C /* MSNeedleView.h */,
				B68A5C421979C8B70036B90C /* MSNeedleView.m */,
				B68A5C431979C8B70036B90C /* MSRangeGauge.h */,
				B68A5C441979C8B70036B90C /* MSRangeGauge.m */,
				B68A5C451979C8B70036B90C /* MSSimpleGauge.h */,
				B68A5C461979C8B70036B90C /* MSSimpleGauge.m */,
				B68A5C471979C8B70036B90C /* MSSimpleGaugeSubclass.h */,
			);
			name = Gauges;
			path = Record/Gauges;
			sourceTree = "<group>";
		};
		B6A8D96E19770C1000E8F1D5 /* icons */ = {
			isa = PBXGroup;
			children = (
				B6A8D96F19770C2100E8F1D5 /* Icon-40.png */,
				B6A8D97019770C2100E8F1D5 /* Icon-40@2x.png */,
				B6A8D97119770C2100E8F1D5 /* Icon-60.png */,
				B6A8D97219770C2100E8F1D5 /* Icon-60@2x.png */,
				B6A8D97319770C2100E8F1D5 /* Icon-76.png */,
				B6A8D97419770C2100E8F1D5 /* Icon-76@2x.png */,
				B6A8D97519770C2100E8F1D5 /* Icon-Small.png */,
				B6A8D97619770C2100E8F1D5 /* Icon-Small@2x.png */,
			);
			name = icons;
			path = Record.xcodeproj;
			sourceTree = "<group>";
		};
		F6A5681118ECA98A00B844C6 = {
			isa = PBXGroup;
			children = (
				B695FDDD1A3A521B0064DC83 /* Settings.bundle */,
				B60466331A38B540000B5464 /* MZFormSheetController */,
				B604661A1A38B4E0000B5464 /* LICENSE */,
				B6A8D96E19770C1000E8F1D5 /* icons */,
				F6A5682318ECA98A00B844C6 /* Record */,
				F6A5684218ECA98B00B844C6 /* RecordTests */,
				B66BACBC1970A29000E28ECC /* Resources */,
				F6A5681C18ECA98A00B844C6 /* Frameworks */,
				F6A5681B18ECA98A00B844C6 /* Products */,
				B67E1BB7197EFC0500F42143 /* SSZipArchive */,
				B68A5C391979C8B70036B90C /* Gauges */,
			);
			sourceTree = "<group>";
		};
		F6A5681B18ECA98A00B844C6 /* Products */ = {
			isa = PBXGroup;
			children = (
				F6A5681A18ECA98A00B844C6 /* Record.app */,
				F6A5683B18ECA98B00B844C6 /* RecordTests.xctest */,
			);
			name = Products;
			sourceTree = "<group>";
		};
		F6A5681C18ECA98A00B844C6 /* Frameworks */ = {
			isa = PBXGroup;
			children = (
				B6252AA71A1C50FF0083AE7A /* CoreTelephony.framework */,
				B6252AA51A1C50EA0083AE7A /* SystemConfiguration.framework */,
				B6252AA31A1C50810083AE7A /* SplunkMint-iOS.framework */,
				B67E1BB5197EC25D00F42143 /* libz.dylib */,
				B66461F1196F193900943BC2 /* AVFoundation.framework */,
				F6A5681D18ECA98A00B844C6 /* Foundation.framework */,
				F6A5681F18ECA98A00B844C6 /* CoreGraphics.framework */,
				F6A5682118ECA98A00B844C6 /* UIKit.framework */,
				F6A5683C18ECA98B00B844C6 /* XCTest.framework */,
			);
			name = Frameworks;
			sourceTree = "<group>";
		};
		F6A5682318ECA98A00B844C6 /* Record */ = {
			isa = PBXGroup;
			children = (
				B6D9AF8C1A37C15200911A36 /* EAFContextPopupViewController.h */,
				B6D9AF8D1A37C15200911A36 /* EAFContextPopupViewController.m */,
				B6DF20A21A2679FC00CA31B1 /* EAFEventPoster.h */,
				B6DF20A31A2679FC00CA31B1 /* EAFEventPoster.m */,
				B61B94731A23BB770049462E /* EAFSetPasswordViewController.h */,
				B61B94741A23BB770049462E /* EAFSetPasswordViewController.m */,
				B61B94701A23AC1A0049462E /* EAFForgotPasswordViewController.h */,
				B61B94711A23AC1A0049462E /* EAFForgotPasswordViewController.m */,
				B61B946B1A1FA1210049462E /* EAFForgotUsernameViewController.h */,
				B61B946C1A1FA1210049462E /* EAFForgotUsernameViewController.m */,
				B649198C1A1A5CE00054CA13 /* EAFSignUpViewController.h */,
				B649198D1A1A5CE00054CA13 /* EAFSignUpViewController.m */,
				B62624651A0D592D00B1FE33 /* EAFPhoneScoreTableViewController.h */,
				B62624661A0D592D00B1FE33 /* EAFPhoneScoreTableViewController.m */,
				B636FFD21A098FD200C3B62E /* UIFont+FontAwesome2.h */,
				B636FFD31A098FD200C3B62E /* UIFont+FontAwesome2.m */,
				B636FFCF1A098FC700C3B62E /* NSString+FontAwesome2.h */,
				B636FFD01A098FC700C3B62E /* NSString+FontAwesome2.m */,
				B636FFCD1A098D8500C3B62E /* UIFont+FontAwesome.m */,
				B636FFCC1A098D6500C3B62E /* UIFont+FontAwesome.h */,
				B636FFC91A098D4100C3B62E /* FAImageView.h */,
				B636FFCA1A098D4100C3B62E /* FAImageView.m */,
				B636FFC31A09397200C3B62E /* EAFWordScoreTableViewController.h */,
				B636FFC41A09397200C3B62E /* EAFWordScoreTableViewController.m */,
				B69821421A029F6400BB9865 /* NSString+FontAwesome.h */,
				B69821431A029F6400BB9865 /* NSString+FontAwesome.m */,
				B698213F1A029CA500BB9865 /* UIColor+BButton.h */,
				B69821401A029CA500BB9865 /* UIColor+BButton.m */,
				B698213C1A029C9A00BB9865 /* BButton.h */,
				B698213D1A029C9A00BB9865 /* BButton.m */,
				B698212E1A019A7200BB9865 /* SSKeychain.h */,
				B698212F1A019A7200BB9865 /* SSKeychain.m */,
				B610C00919D2240800CA9D8A /* EAFRecoFlashcardController.h */,
				B610C00819D2240800CA9D8A /* EAFRecoFlashcardController.m */,
				B66BACAD197055F500E28ECC /* EAFChapterTableViewController.h */,
				B66BACAE197055F500E28ECC /* EAFChapterTableViewController.m */,
				F6A5682C18ECA98A00B844C6 /* EAFAppDelegate.h */,
				F6A5682D18ECA98A00B844C6 /* EAFAppDelegate.m */,
				F6A5682F18ECA98A00B844C6 /* Main.storyboard */,
				F6A5683518ECA98B00B844C6 /* Images.xcassets */,
				F6A5682418ECA98A00B844C6 /* Supporting Files */,
				B66BACB6197094C000E28ECC /* EAFItemTableViewController.h */,
				B66BACB7197094C000E28ECC /* EAFItemTableViewController.m */,
				B6D0017B1970B091009554D5 /* EAFExercise.h */,
				B6D0017C1970B091009554D5 /* EAFExercise.m */,
				B636FFC61A09549E00C3B62E /* EAFScoreReportTabBarController.m */,
				B636FFC81A0954C200C3B62E /* EAFScoreReportTabBarController.h */,
				B636FFD51A0993A100C3B62E /* MyTableViewCell.h */,
				B642BACE1A0DD39C00D939F2 /* PhoneTableViewCell.h */,
				B642BACF1A0DD3A500D939F2 /* PhoneTableViewCell.m */,
				B636FFD61A0993A100C3B62E /* MyTableViewCell.m */,
				B61B82251A154C36009B00D1 /* EAFAudioView.m */,
				B61B82271A154C59009B00D1 /* EAFAudioView.h */,
				B61B82301A16D223009B00D1 /* EAFLoginViewController.h */,
				B61B82311A16D223009B00D1 /* EAFLoginViewController.m */,
				B6252AA91A1EB53B0083AE7A /* EAFAudioCache.h */,
				B6252AAA1A1EB53B0083AE7A /* EAFAudioCache.m */,
				B60466541A38F2F4000B5464 /* EAFAudioPlayer.h */,
				B60466551A38F2F4000B5464 /* EAFAudioPlayer.m */,
			);
			path = Record;
			sourceTree = "<group>";
		};
		F6A5682418ECA98A00B844C6 /* Supporting Files */ = {
			isa = PBXGroup;
			children = (
				F6A5682518ECA98A00B844C6 /* Record-Info.plist */,
				F6A5682618ECA98A00B844C6 /* InfoPlist.strings */,
				F6A5682918ECA98A00B844C6 /* main.m */,
				F6A5682B18ECA98A00B844C6 /* Record-Prefix.pch */,
			);
			name = "Supporting Files";
			sourceTree = "<group>";
		};
		F6A5684218ECA98B00B844C6 /* RecordTests */ = {
			isa = PBXGroup;
			children = (
				F6A5684818ECA98B00B844C6 /* RecordTests.m */,
				F6A5684318ECA98B00B844C6 /* Supporting Files */,
			);
			path = RecordTests;
			sourceTree = "<group>";
		};
		F6A5684318ECA98B00B844C6 /* Supporting Files */ = {
			isa = PBXGroup;
			children = (
				F6A5684418ECA98B00B844C6 /* RecordTests-Info.plist */,
				F6A5684518ECA98B00B844C6 /* InfoPlist.strings */,
			);
			name = "Supporting Files";
			sourceTree = "<group>";
		};
/* End PBXGroup section */

/* Begin PBXNativeTarget section */
		F6A5681918ECA98A00B844C6 /* Record */ = {
			isa = PBXNativeTarget;
			buildConfigurationList = F6A5684C18ECA98B00B844C6 /* Build configuration list for PBXNativeTarget "Record" */;
			buildPhases = (
				F6A5681618ECA98A00B844C6 /* Sources */,
				F6A5681718ECA98A00B844C6 /* Frameworks */,
				F6A5681818ECA98A00B844C6 /* Resources */,
			);
			buildRules = (
			);
			dependencies = (
			);
			name = Record;
			productName = Record;
			productReference = F6A5681A18ECA98A00B844C6 /* Record.app */;
			productType = "com.apple.product-type.application";
		};
		F6A5683A18ECA98B00B844C6 /* RecordTests */ = {
			isa = PBXNativeTarget;
			buildConfigurationList = F6A5684F18ECA98B00B844C6 /* Build configuration list for PBXNativeTarget "RecordTests" */;
			buildPhases = (
				F6A5683718ECA98B00B844C6 /* Sources */,
				F6A5683818ECA98B00B844C6 /* Frameworks */,
				F6A5683918ECA98B00B844C6 /* Resources */,
			);
			buildRules = (
			);
			dependencies = (
				F6A5684118ECA98B00B844C6 /* PBXTargetDependency */,
			);
			name = RecordTests;
			productName = RecordTests;
			productReference = F6A5683B18ECA98B00B844C6 /* RecordTests.xctest */;
			productType = "com.apple.product-type.bundle.unit-test";
		};
/* End PBXNativeTarget section */

/* Begin PBXProject section */
		F6A5681218ECA98A00B844C6 /* Project object */ = {
			isa = PBXProject;
			attributes = {
				CLASSPREFIX = EAF;
				LastUpgradeCheck = 0600;
				ORGANIZATIONNAME = "Ferme, Elizabeth - 0553 - MITLL";
				TargetAttributes = {
					F6A5681918ECA98A00B844C6 = {
						DevelopmentTeam = UN34VY9C7D;
					};
					F6A5683A18ECA98B00B844C6 = {
						TestTargetID = F6A5681918ECA98A00B844C6;
					};
				};
			};
			buildConfigurationList = F6A5681518ECA98A00B844C6 /* Build configuration list for PBXProject "Record" */;
			compatibilityVersion = "Xcode 3.2";
			developmentRegion = English;
			hasScannedForEncodings = 0;
			knownRegions = (
				en,
				Base,
			);
			mainGroup = F6A5681118ECA98A00B844C6;
			productRefGroup = F6A5681B18ECA98A00B844C6 /* Products */;
			projectDirPath = "";
			projectRoot = "";
			targets = (
				F6A5681918ECA98A00B844C6 /* Record */,
				F6A5683A18ECA98B00B844C6 /* RecordTests */,
			);
		};
/* End PBXProject section */

/* Begin PBXResourcesBuildPhase section */
		F6A5681818ECA98A00B844C6 /* Resources */ = {
			isa = PBXResourcesBuildPhase;
			buildActionMask = 2147483647;
			files = (
				B695FDE41A4366810064DC83 /* sounds@2x.png in Resources */,
				F6A5683618ECA98B00B844C6 /* Images.xcassets in Resources */,
				B6A8D97B19770C2100E8F1D5 /* Icon-76.png in Resources */,
				B695FDE01A3B697C0064DC83 /* volumeUp_26.png in Resources */,
				B695FDE71A43F4D40064DC83 /* female_better.png in Resources */,
				B6DF209D1A2518FB00CA31B1 /* checkAndEar@2x.png in Resources */,
				B6A8D97E19770C2100E8F1D5 /* Icon-Small@2x.png in Resources */,
				B6AB39BD19FACF4D00B250C1 /* redx32.png in Resources */,
				B6A8D96D1976F27C00E8F1D5 /* media-record-3_32x32.png in Resources */,
				B6DF209B1A25171400CA31B1 /* checkAndEar.png in Resources */,
				B6DF20A11A251C8700CA31B1 /* micBiggerCircleTransparent@2x.png in Resources */,
				B60466511A38EDB9000B5464 /* female.png in Resources */,
				B695FDE21A433CA80064DC83 /* NewProF2_48x48.png in Resources */,
				B66BACC11970A5CD00E28ECC /* play.png in Resources */,
				B6D001761970ACD3009554D5 /* record.png in Resources */,
				B66BACC31970A5DC00E28ECC /* pause.png in Resources */,
				B68A5C361979B4590036B90C /* mic-4.svg in Resources */,
				B6A8D97C19770C2100E8F1D5 /* Icon-76@2x.png in Resources */,
				B6D001781970AD28009554D5 /* record24.png in Resources */,
				B6104B031A44E0BA00D9B3DA /* redx@2x.png in Resources */,
				B6629E431A440192008EAC75 /* audioOn_smaller.png in Resources */,
				B604665A1A3A1203000B5464 /* rightAndWrong_26h.png in Resources */,
				B6A8D97D19770C2100E8F1D5 /* Icon-Small.png in Resources */,
				B66BACBE1970A2FE00E28ECC /* NewProF1.png in Resources */,
				B695FDE81A43F4D40064DC83 /* male_better.png in Resources */,
				B6D0017A1970ADAC009554D5 /* squareStop.png in Resources */,
				B6A8D97719770C2100E8F1D5 /* Icon-40.png in Resources */,
				B61B822B1A16C921009B00D1 /* sounds.png in Resources */,
				B69821321A02978500BB9865 /* FontAwesome.ttf in Resources */,
				B649198B1A1A59BC0054CA13 /* mitllLogo2.png in Resources */,
				B6629E421A440192008EAC75 /* audioOff.png in Resources */,
				B6A8D97819770C2100E8F1D5 /* Icon-40@2x.png in Resources */,
				B6DF209F1A25190400CA31B1 /* questionIcon@2x.png in Resources */,
				B6A8D96B1976F27100E8F1D5 /* media-record-4_32x32.png in Resources */,
				B695FDDE1A3A521B0064DC83 /* Settings.bundle in Resources */,
				B60466581A3A119B000B5464 /* rightAndWrong_30h.png in Resources */,
				B61B822D1A16CF99009B00D1 /* dliIcon.png in Resources */,
				B60466531A38EE43000B5464 /* male.png in Resources */,
				B6AB39BB19FACF4300B250C1 /* checkmark32.png in Resources */,
				B68A5C381979B4AE0036B90C /* micBigger.png in Resources */,
				B696890319993B910094A297 /* micBiggerCircle.png in Resources */,
				B6A8D97A19770C2100E8F1D5 /* Icon-60@2x.png in Resources */,
				B68A5C321979AE7E0036B90C /* playBigger2.png in Resources */,
				B6629E411A440192008EAC75 /* audioOff_smaller.png in Resources */,
				B6629E441A440192008EAC75 /* audioOn.png in Resources */,
				B604662B1A38B4E0000B5464 /* LICENSE in Resources */,
				B695FDEB1A43F7010064DC83 /* female_better_h32.png in Resources */,
				B68A5C341979B3480036B90C /* mic-icon.png in Resources */,
				B695FDEC1A43F7010064DC83 /* male_better_smaller.png in Resources */,
				B61B946F1A1FF02F0049462E /* questionIcon.png in Resources */,
				F6A5682818ECA98A00B844C6 /* InfoPlist.strings in Resources */,
				B67666A519F0798800ECA678 /* micBiggerCircleTransparent.png in Resources */,
				B61B82291A16C191009B00D1 /* rightAndWrong.png in Resources */,
				B6A8D97919770C2100E8F1D5 /* Icon-60.png in Resources */,
				F6A5683118ECA98B00B844C6 /* Main.storyboard in Resources */,
				B6104B011A44E0AE00D9B3DA /* checkmark@2x.png in Resources */,
			);
			runOnlyForDeploymentPostprocessing = 0;
		};
		F6A5683918ECA98B00B844C6 /* Resources */ = {
			isa = PBXResourcesBuildPhase;
			buildActionMask = 2147483647;
			files = (
				F6A5684718ECA98B00B844C6 /* InfoPlist.strings in Resources */,
			);
			runOnlyForDeploymentPostprocessing = 0;
		};
/* End PBXResourcesBuildPhase section */

/* Begin PBXSourcesBuildPhase section */
		F6A5681618ECA98A00B844C6 /* Sources */ = {
			isa = PBXSourcesBuildPhase;
			buildActionMask = 2147483647;
			files = (
				B68A5C4C1979C8B70036B90C /* MSRangeGauge.m in Sources */,
				B66BACB8197094C000E28ECC /* EAFItemTableViewController.m in Sources */,
				B60466481A38B540000B5464 /* UIImage+Additional.m in Sources */,
				B60466451A38B540000B5464 /* MZFormSheetController.m in Sources */,
				B61B82261A154C36009B00D1 /* EAFAudioView.m in Sources */,
				B69821301A019A7200BB9865 /* SSKeychain.m in Sources */,
				B67E1BC5197EFC0500F42143 /* mztools.c in Sources */,
				B6D9AF8E1A37C15200911A36 /* EAFContextPopupViewController.m in Sources */,
				B60466471A38B540000B5464 /* MZTransition.m in Sources */,
				B67E1BC7197EFC0500F42143 /* zip.c in Sources */,
				B698213E1A029C9A00BB9865 /* BButton.m in Sources */,
				B67E1BC8197EFC0500F42143 /* SSZipArchive.m in Sources */,
				B68A5C4B1979C8B70036B90C /* MSNeedleView.m in Sources */,
				B636FFCB1A098D4100C3B62E /* FAImageView.m in Sources */,
				B61B82321A16D223009B00D1 /* EAFLoginViewController.m in Sources */,
				B636FFD41A098FD200C3B62E /* UIFont+FontAwesome2.m in Sources */,
				B61B946D1A1FA1210049462E /* EAFForgotUsernameViewController.m in Sources */,
				B66BACAF197055F500E28ECC /* EAFChapterTableViewController.m in Sources */,
				B636FFCE1A098D8500C3B62E /* UIFont+FontAwesome.m in Sources */,
				F6A5682A18ECA98A00B844C6 /* main.m in Sources */,
				B636FFC51A09397200C3B62E /* EAFWordScoreTableViewController.m in Sources */,
				B6252AAB1A1EB53B0083AE7A /* EAFAudioCache.m in Sources */,
				B6D0017D1970B091009554D5 /* EAFExercise.m in Sources */,
				B60466431A38B540000B5464 /* MZFormSheetBackgroundWindow.m in Sources */,
				B642BAD01A0DD3A500D939F2 /* PhoneTableViewCell.m in Sources */,
				B68A5C491979C8B70036B90C /* MSArcLayer.m in Sources */,
				B68A5C4A1979C8B70036B90C /* MSGradientArcLayer.m in Sources */,
				B610C00A19D2240800CA9D8A /* EAFRecoFlashcardController.m in Sources */,
				B636FFD11A098FC700C3B62E /* NSString+FontAwesome2.m in Sources */,
				B649198E1A1A5CE00054CA13 /* EAFSignUpViewController.m in Sources */,
				B67E1BC4197EFC0500F42143 /* ioapi.c in Sources */,
				B636FFC71A09549E00C3B62E /* EAFScoreReportTabBarController.m in Sources */,
				B69821411A029CA500BB9865 /* UIColor+BButton.m in Sources */,
				B67E1BC6197EFC0500F42143 /* unzip.c in Sources */,
				B68A5C4D1979C8B70036B90C /* MSSimpleGauge.m in Sources */,
				B60466461A38B540000B5464 /* MZFormSheetSegue.m in Sources */,
				B60466491A38B540000B5464 /* UIViewController+TargetViewController.m in Sources */,
				B60466441A38B540000B5464 /* MZFormSheetBackgroundWindowViewController.m in Sources */,
				B69821441A029F6400BB9865 /* NSString+FontAwesome.m in Sources */,
				B68A5C481979C8B70036B90C /* MSAnnotatedGauge.m in Sources */,
				B604664E1A38B559000B5464 /* MZAppearance.m in Sources */,
				B6DF20A41A2679FC00CA31B1 /* EAFEventPoster.m in Sources */,
				F6A5682E18ECA98A00B844C6 /* EAFAppDelegate.m in Sources */,
				B61B94721A23AC1A0049462E /* EAFForgotPasswordViewController.m in Sources */,
				B61B94751A23BB770049462E /* EAFSetPasswordViewController.m in Sources */,
				B62624671A0D592D00B1FE33 /* EAFPhoneScoreTableViewController.m in Sources */,
				B60466561A38F2F4000B5464 /* EAFAudioPlayer.m in Sources */,
				B636FFD71A0993A100C3B62E /* MyTableViewCell.m in Sources */,
				B604664F1A38B559000B5464 /* NSInvocation+Copy.m in Sources */,
			);
			runOnlyForDeploymentPostprocessing = 0;
		};
		F6A5683718ECA98B00B844C6 /* Sources */ = {
			isa = PBXSourcesBuildPhase;
			buildActionMask = 2147483647;
			files = (
				F6A5684918ECA98B00B844C6 /* RecordTests.m in Sources */,
			);
			runOnlyForDeploymentPostprocessing = 0;
		};
/* End PBXSourcesBuildPhase section */

/* Begin PBXTargetDependency section */
		F6A5684118ECA98B00B844C6 /* PBXTargetDependency */ = {
			isa = PBXTargetDependency;
			target = F6A5681918ECA98A00B844C6 /* Record */;
			targetProxy = F6A5684018ECA98B00B844C6 /* PBXContainerItemProxy */;
		};
/* End PBXTargetDependency section */

/* Begin PBXVariantGroup section */
		F6A5682618ECA98A00B844C6 /* InfoPlist.strings */ = {
			isa = PBXVariantGroup;
			children = (
				F6A5682718ECA98A00B844C6 /* en */,
			);
			name = InfoPlist.strings;
			sourceTree = "<group>";
		};
		F6A5682F18ECA98A00B844C6 /* Main.storyboard */ = {
			isa = PBXVariantGroup;
			children = (
				F6A5683018ECA98B00B844C6 /* Base */,
			);
			name = Main.storyboard;
			sourceTree = "<group>";
		};
		F6A5684518ECA98B00B844C6 /* InfoPlist.strings */ = {
			isa = PBXVariantGroup;
			children = (
				F6A5684618ECA98B00B844C6 /* en */,
			);
			name = InfoPlist.strings;
			sourceTree = "<group>";
		};
/* End PBXVariantGroup section */

/* Begin XCBuildConfiguration section */
		F6A5684A18ECA98B00B844C6 /* Debug */ = {
			isa = XCBuildConfiguration;
			buildSettings = {
				ALWAYS_SEARCH_USER_PATHS = NO;
				CLANG_CXX_LANGUAGE_STANDARD = "gnu++0x";
				CLANG_CXX_LIBRARY = "libc++";
				CLANG_ENABLE_MODULES = YES;
				CLANG_ENABLE_OBJC_ARC = YES;
				CLANG_WARN_BOOL_CONVERSION = YES;
				CLANG_WARN_CONSTANT_CONVERSION = YES;
				CLANG_WARN_DIRECT_OBJC_ISA_USAGE = YES_ERROR;
				CLANG_WARN_EMPTY_BODY = YES;
				CLANG_WARN_ENUM_CONVERSION = YES;
				CLANG_WARN_INT_CONVERSION = YES;
				CLANG_WARN_OBJC_ROOT_CLASS = YES_ERROR;
				CLANG_WARN__DUPLICATE_METHOD_MATCH = YES;
				"CODE_SIGN_IDENTITY[sdk=iphoneos*]" = "iPhone Developer";
				COPY_PHASE_STRIP = NO;
				GCC_C_LANGUAGE_STANDARD = gnu99;
				GCC_DYNAMIC_NO_PIC = NO;
				GCC_OPTIMIZATION_LEVEL = 0;
				GCC_PREPROCESSOR_DEFINITIONS = (
					"DEBUG=1",
					"$(inherited)",
				);
				GCC_SYMBOLS_PRIVATE_EXTERN = NO;
				GCC_WARN_64_TO_32_BIT_CONVERSION = YES;
				GCC_WARN_ABOUT_RETURN_TYPE = YES_ERROR;
				GCC_WARN_UNDECLARED_SELECTOR = YES;
				GCC_WARN_UNINITIALIZED_AUTOS = YES;
				GCC_WARN_UNUSED_FUNCTION = YES;
				GCC_WARN_UNUSED_VARIABLE = YES;
				IPHONEOS_DEPLOYMENT_TARGET = 7.0;
				ONLY_ACTIVE_ARCH = YES;
				SDKROOT = iphoneos;
				TARGETED_DEVICE_FAMILY = "1,2";
			};
			name = Debug;
		};
		F6A5684B18ECA98B00B844C6 /* Release */ = {
			isa = XCBuildConfiguration;
			buildSettings = {
				ALWAYS_SEARCH_USER_PATHS = NO;
				CLANG_CXX_LANGUAGE_STANDARD = "gnu++0x";
				CLANG_CXX_LIBRARY = "libc++";
				CLANG_ENABLE_MODULES = YES;
				CLANG_ENABLE_OBJC_ARC = YES;
				CLANG_WARN_BOOL_CONVERSION = YES;
				CLANG_WARN_CONSTANT_CONVERSION = YES;
				CLANG_WARN_DIRECT_OBJC_ISA_USAGE = YES_ERROR;
				CLANG_WARN_EMPTY_BODY = YES;
				CLANG_WARN_ENUM_CONVERSION = YES;
				CLANG_WARN_INT_CONVERSION = YES;
				CLANG_WARN_OBJC_ROOT_CLASS = YES_ERROR;
				CLANG_WARN__DUPLICATE_METHOD_MATCH = YES;
				"CODE_SIGN_IDENTITY[sdk=iphoneos*]" = "iPhone Developer";
				COPY_PHASE_STRIP = YES;
				ENABLE_NS_ASSERTIONS = NO;
				GCC_C_LANGUAGE_STANDARD = gnu99;
				GCC_WARN_64_TO_32_BIT_CONVERSION = YES;
				GCC_WARN_ABOUT_RETURN_TYPE = YES_ERROR;
				GCC_WARN_UNDECLARED_SELECTOR = YES;
				GCC_WARN_UNINITIALIZED_AUTOS = YES;
				GCC_WARN_UNUSED_FUNCTION = YES;
				GCC_WARN_UNUSED_VARIABLE = YES;
				IPHONEOS_DEPLOYMENT_TARGET = 7.0;
				ONLY_ACTIVE_ARCH = NO;
				SDKROOT = iphoneos;
				TARGETED_DEVICE_FAMILY = "1,2";
				VALIDATE_PRODUCT = YES;
			};
			name = Release;
		};
		F6A5684D18ECA98B00B844C6 /* Debug */ = {
			isa = XCBuildConfiguration;
			buildSettings = {
				ASSETCATALOG_COMPILER_APPICON_NAME = AppIcon;
				ASSETCATALOG_COMPILER_LAUNCHIMAGE_NAME = LaunchImage;
				CODE_SIGN_IDENTITY = "iPhone Developer";
				"CODE_SIGN_IDENTITY[sdk=iphoneos*]" = "iPhone Developer: Gordon Vidaver (T5YA8RC67N)";
				COPY_PHASE_STRIP = YES;
				FRAMEWORK_SEARCH_PATHS = (
					"$(inherited)",
					/Users/go22670/Projects,
				);
				GCC_PRECOMPILE_PREFIX_HEADER = YES;
				GCC_PREFIX_HEADER = "Record/Record-Prefix.pch";
				INFOPLIST_FILE = "Record/Record-Info.plist";
				IPHONEOS_DEPLOYMENT_TARGET = 7.0;
				OTHER_LDFLAGS = (
					"-all_load",
					"-ObjC",
				);
				PRODUCT_NAME = "$(TARGET_NAME)";
				PROVISIONING_PROFILE = "";
				STRIP_INSTALLED_PRODUCT = YES;
				TARGETED_DEVICE_FAMILY = "1,2";
				WRAPPER_EXTENSION = app;
			};
			name = Debug;
		};
		F6A5684E18ECA98B00B844C6 /* Release */ = {
			isa = XCBuildConfiguration;
			buildSettings = {
				ASSETCATALOG_COMPILER_APPICON_NAME = AppIcon;
				ASSETCATALOG_COMPILER_LAUNCHIMAGE_NAME = LaunchImage;
				CODE_SIGN_IDENTITY = "iPhone Developer";
				"CODE_SIGN_IDENTITY[sdk=iphoneos*]" = "iPhone Developer: Gordon Vidaver (T5YA8RC67N)";
				COPY_PHASE_STRIP = YES;
				FRAMEWORK_SEARCH_PATHS = (
					"$(inherited)",
					/Users/go22670/Projects,
				);
				GCC_PRECOMPILE_PREFIX_HEADER = YES;
				GCC_PREFIX_HEADER = "Record/Record-Prefix.pch";
				INFOPLIST_FILE = "Record/Record-Info.plist";
				IPHONEOS_DEPLOYMENT_TARGET = 7.0;
				OTHER_LDFLAGS = (
					"-all_load",
					"-ObjC",
				);
				PRODUCT_NAME = "$(TARGET_NAME)";
				PROVISIONING_PROFILE = "";
				STRIP_INSTALLED_PRODUCT = YES;
				TARGETED_DEVICE_FAMILY = "1,2";
				WRAPPER_EXTENSION = app;
			};
			name = Release;
		};
		F6A5685018ECA98B00B844C6 /* Debug */ = {
			isa = XCBuildConfiguration;
			buildSettings = {
				BUNDLE_LOADER = "$(BUILT_PRODUCTS_DIR)/Record.app/Record";
				FRAMEWORK_SEARCH_PATHS = (
					"$(SDKROOT)/Developer/Library/Frameworks",
					"$(inherited)",
					"$(DEVELOPER_FRAMEWORKS_DIR)",
				);
				GCC_PRECOMPILE_PREFIX_HEADER = YES;
				GCC_PREFIX_HEADER = "Record/Record-Prefix.pch";
				GCC_PREPROCESSOR_DEFINITIONS = (
					"DEBUG=1",
					"$(inherited)",
				);
				INFOPLIST_FILE = "RecordTests/RecordTests-Info.plist";
				PRODUCT_NAME = "$(TARGET_NAME)";
				TEST_HOST = "$(BUNDLE_LOADER)";
				WRAPPER_EXTENSION = xctest;
			};
			name = Debug;
		};
		F6A5685118ECA98B00B844C6 /* Release */ = {
			isa = XCBuildConfiguration;
			buildSettings = {
				BUNDLE_LOADER = "$(BUILT_PRODUCTS_DIR)/Record.app/Record";
				FRAMEWORK_SEARCH_PATHS = (
					"$(SDKROOT)/Developer/Library/Frameworks",
					"$(inherited)",
					"$(DEVELOPER_FRAMEWORKS_DIR)",
				);
				GCC_PRECOMPILE_PREFIX_HEADER = YES;
				GCC_PREFIX_HEADER = "Record/Record-Prefix.pch";
				INFOPLIST_FILE = "RecordTests/RecordTests-Info.plist";
				PRODUCT_NAME = "$(TARGET_NAME)";
				TEST_HOST = "$(BUNDLE_LOADER)";
				WRAPPER_EXTENSION = xctest;
			};
			name = Release;
		};
/* End XCBuildConfiguration section */

/* Begin XCConfigurationList section */
		F6A5681518ECA98A00B844C6 /* Build configuration list for PBXProject "Record" */ = {
			isa = XCConfigurationList;
			buildConfigurations = (
				F6A5684A18ECA98B00B844C6 /* Debug */,
				F6A5684B18ECA98B00B844C6 /* Release */,
			);
			defaultConfigurationIsVisible = 0;
			defaultConfigurationName = Release;
		};
		F6A5684C18ECA98B00B844C6 /* Build configuration list for PBXNativeTarget "Record" */ = {
			isa = XCConfigurationList;
			buildConfigurations = (
				F6A5684D18ECA98B00B844C6 /* Debug */,
				F6A5684E18ECA98B00B844C6 /* Release */,
			);
			defaultConfigurationIsVisible = 0;
			defaultConfigurationName = Release;
		};
		F6A5684F18ECA98B00B844C6 /* Build configuration list for PBXNativeTarget "RecordTests" */ = {
			isa = XCConfigurationList;
			buildConfigurations = (
				F6A5685018ECA98B00B844C6 /* Debug */,
				F6A5685118ECA98B00B844C6 /* Release */,
			);
			defaultConfigurationIsVisible = 0;
			defaultConfigurationName = Release;
		};
/* End XCConfigurationList section */
	};
	rootObject = F6A5681218ECA98A00B844C6 /* Project object */;
}
